// !$*UTF8*$!
{
	archiveVersion = 1;
	classes = {
	};
	objectVersion = 46;
	objects = {

/* Begin PBXBuildFile section */
		2840602715CFC4E5005963E3 /* UIViewController+Navigation.h in Headers */ = {isa = PBXBuildFile; fileRef = 2840602515CFC4E5005963E3 /* UIViewController+Navigation.h */; };
		2840602815CFC4E5005963E3 /* UIViewController+Navigation.m in Sources */ = {isa = PBXBuildFile; fileRef = 2840602615CFC4E5005963E3 /* UIViewController+Navigation.m */; };
		2840602915CFC4E5005963E3 /* UIViewController+Navigation.m in Sources */ = {isa = PBXBuildFile; fileRef = 2840602615CFC4E5005963E3 /* UIViewController+Navigation.m */; };
		3A487A4797CD4D18913AC52C /* libPods.a in Frameworks */ = {isa = PBXBuildFile; fileRef = 5F0CAB215C5E431681E7AF55 /* libPods.a */; };
		9108EE6C15AD5A2400F10B62 /* Foundation.framework in Frameworks */ = {isa = PBXBuildFile; fileRef = 9108EE6B15AD5A2400F10B62 /* Foundation.framework */; };
		9108EE7A15AD5A2400F10B62 /* SenTestingKit.framework in Frameworks */ = {isa = PBXBuildFile; fileRef = 9108EE7915AD5A2400F10B62 /* SenTestingKit.framework */; };
		9108EE7C15AD5A2400F10B62 /* UIKit.framework in Frameworks */ = {isa = PBXBuildFile; fileRef = 9108EE7B15AD5A2400F10B62 /* UIKit.framework */; };
		9108EE7D15AD5A2400F10B62 /* Foundation.framework in Frameworks */ = {isa = PBXBuildFile; fileRef = 9108EE6B15AD5A2400F10B62 /* Foundation.framework */; };
		9108EE8015AD5A2400F10B62 /* libLSKToolkit.a in Frameworks */ = {isa = PBXBuildFile; fileRef = 9108EE6815AD5A2400F10B62 /* libLSKToolkit.a */; };
		9108EE8615AD5A2400F10B62 /* InfoPlist.strings in Resources */ = {isa = PBXBuildFile; fileRef = 9108EE8415AD5A2400F10B62 /* InfoPlist.strings */; };
		9108EE8915AD5A2400F10B62 /* LSKToolkitTests.m in Sources */ = {isa = PBXBuildFile; fileRef = 9108EE8815AD5A2400F10B62 /* LSKToolkitTests.m */; };
		91107AE015BD01DA00A2B852 /* LSKPlainWebViewController.m in Sources */ = {isa = PBXBuildFile; fileRef = 91107ADE15BD01DA00A2B852 /* LSKPlainWebViewController.m */; };
		91107AE115BD01DA00A2B852 /* LSKPlainWebViewController.m in Sources */ = {isa = PBXBuildFile; fileRef = 91107ADE15BD01DA00A2B852 /* LSKPlainWebViewController.m */; };
		91107AE215BD01DA00A2B852 /* LSKPlainWebViewController.h in Headers */ = {isa = PBXBuildFile; fileRef = 91107ADF15BD01DA00A2B852 /* LSKPlainWebViewController.h */; };
		9139781615C0F17C00BB8468 /* LSKBaseTableViewController.h in Headers */ = {isa = PBXBuildFile; fileRef = 9139781415C0F17C00BB8468 /* LSKBaseTableViewController.h */; };
		9139781715C0F17C00BB8468 /* LSKBaseTableViewController.m in Sources */ = {isa = PBXBuildFile; fileRef = 9139781515C0F17C00BB8468 /* LSKBaseTableViewController.m */; };
		9139781815C0F17C00BB8468 /* LSKBaseTableViewController.m in Sources */ = {isa = PBXBuildFile; fileRef = 9139781515C0F17C00BB8468 /* LSKBaseTableViewController.m */; };
		9157669115B939A200E81544 /* LSKCustomTabBar.h in Headers */ = {isa = PBXBuildFile; fileRef = 9157668D15B939A200E81544 /* LSKCustomTabBar.h */; };
		9157669215B939A200E81544 /* LSKCustomTabBar.m in Sources */ = {isa = PBXBuildFile; fileRef = 9157668E15B939A200E81544 /* LSKCustomTabBar.m */; };
		9157669315B939A200E81544 /* LSKCustomTabBar.m in Sources */ = {isa = PBXBuildFile; fileRef = 9157668E15B939A200E81544 /* LSKCustomTabBar.m */; };
		9157669415B939A200E81544 /* LSKCustomTabBarViewController.h in Headers */ = {isa = PBXBuildFile; fileRef = 9157668F15B939A200E81544 /* LSKCustomTabBarViewController.h */; };
		9157669515B939A200E81544 /* LSKCustomTabBarViewController.m in Sources */ = {isa = PBXBuildFile; fileRef = 9157669015B939A200E81544 /* LSKCustomTabBarViewController.m */; };
		9157669615B939A200E81544 /* LSKCustomTabBarViewController.m in Sources */ = {isa = PBXBuildFile; fileRef = 9157669015B939A200E81544 /* LSKCustomTabBarViewController.m */; };
		917B3E8715BE7AE900060FDE /* LSKPushWebViewController.h in Headers */ = {isa = PBXBuildFile; fileRef = 917B3E8515BE7AE900060FDE /* LSKPushWebViewController.h */; };
		917B3E8815BE7AE900060FDE /* LSKPushWebViewController.m in Sources */ = {isa = PBXBuildFile; fileRef = 917B3E8615BE7AE900060FDE /* LSKPushWebViewController.m */; };
		917B3E8915BE7AE900060FDE /* LSKPushWebViewController.m in Sources */ = {isa = PBXBuildFile; fileRef = 917B3E8615BE7AE900060FDE /* LSKPushWebViewController.m */; };
		917B3EAF15BE8ED600060FDE /* LSKMapAnnotation.h in Headers */ = {isa = PBXBuildFile; fileRef = 917B3EA715BE8ED600060FDE /* LSKMapAnnotation.h */; };
		917B3EB015BE8ED600060FDE /* LSKMapAnnotation.m in Sources */ = {isa = PBXBuildFile; fileRef = 917B3EA815BE8ED600060FDE /* LSKMapAnnotation.m */; };
		917B3EB115BE8ED600060FDE /* LSKMapAnnotation.m in Sources */ = {isa = PBXBuildFile; fileRef = 917B3EA815BE8ED600060FDE /* LSKMapAnnotation.m */; };
		917B3EB215BE8ED600060FDE /* LSKMapViewController.h in Headers */ = {isa = PBXBuildFile; fileRef = 917B3EA915BE8ED600060FDE /* LSKMapViewController.h */; };
		917B3EB315BE8ED600060FDE /* LSKMapViewController.m in Sources */ = {isa = PBXBuildFile; fileRef = 917B3EAA15BE8ED600060FDE /* LSKMapViewController.m */; };
		917B3EB415BE8ED600060FDE /* LSKMapViewController.m in Sources */ = {isa = PBXBuildFile; fileRef = 917B3EAA15BE8ED600060FDE /* LSKMapViewController.m */; };
		917B3EB515BE8ED600060FDE /* LSKMultiAnnotationsMapViewController.h in Headers */ = {isa = PBXBuildFile; fileRef = 917B3EAB15BE8ED600060FDE /* LSKMultiAnnotationsMapViewController.h */; };
		917B3EB615BE8ED600060FDE /* LSKMultiAnnotationsMapViewController.m in Sources */ = {isa = PBXBuildFile; fileRef = 917B3EAC15BE8ED600060FDE /* LSKMultiAnnotationsMapViewController.m */; };
		917B3EB715BE8ED600060FDE /* LSKMultiAnnotationsMapViewController.m in Sources */ = {isa = PBXBuildFile; fileRef = 917B3EAC15BE8ED600060FDE /* LSKMultiAnnotationsMapViewController.m */; };
		917B3EB815BE8ED600060FDE /* LSKSingleAnnotationMapViewController.h in Headers */ = {isa = PBXBuildFile; fileRef = 917B3EAD15BE8ED600060FDE /* LSKSingleAnnotationMapViewController.h */; };
		917B3EB915BE8ED600060FDE /* LSKSingleAnnotationMapViewController.m in Sources */ = {isa = PBXBuildFile; fileRef = 917B3EAE15BE8ED600060FDE /* LSKSingleAnnotationMapViewController.m */; };
		917B3EBA15BE8ED600060FDE /* LSKSingleAnnotationMapViewController.m in Sources */ = {isa = PBXBuildFile; fileRef = 917B3EAE15BE8ED600060FDE /* LSKSingleAnnotationMapViewController.m */; };
		917B3EE515BF925C00060FDE /* UIViewController+Custom.h in Headers */ = {isa = PBXBuildFile; fileRef = 917B3EE315BF925C00060FDE /* UIViewController+Custom.h */; };
		917B3EE615BF925C00060FDE /* UIViewController+Custom.m in Sources */ = {isa = PBXBuildFile; fileRef = 917B3EE415BF925C00060FDE /* UIViewController+Custom.m */; };
		917B3EE715BF925C00060FDE /* UIViewController+Custom.m in Sources */ = {isa = PBXBuildFile; fileRef = 917B3EE415BF925C00060FDE /* UIViewController+Custom.m */; };
		9183C6C015B909D5001DC406 /* PagedResult.h in Headers */ = {isa = PBXBuildFile; fileRef = 9183C6BE15B909D5001DC406 /* PagedResult.h */; };
		9183C6C115B909D5001DC406 /* PagedResult.m in Sources */ = {isa = PBXBuildFile; fileRef = 9183C6BF15B909D5001DC406 /* PagedResult.m */; };
		9183C6C215B909D5001DC406 /* PagedResult.m in Sources */ = {isa = PBXBuildFile; fileRef = 9183C6BF15B909D5001DC406 /* PagedResult.m */; };
		9183C6C615B90ADE001DC406 /* LSKCommonMKTableViewController.h in Headers */ = {isa = PBXBuildFile; fileRef = 9183C6C415B90ADE001DC406 /* LSKCommonMKTableViewController.h */; };
		9183C6C715B90ADE001DC406 /* LSKCommonMKTableViewController.m in Sources */ = {isa = PBXBuildFile; fileRef = 9183C6C515B90ADE001DC406 /* LSKCommonMKTableViewController.m */; };
		9183C6C815B90ADE001DC406 /* LSKCommonMKTableViewController.m in Sources */ = {isa = PBXBuildFile; fileRef = 9183C6C515B90ADE001DC406 /* LSKCommonMKTableViewController.m */; };
		9192998C15B7ACB000432FE9 /* blackArrow.png in Resources */ = {isa = PBXBuildFile; fileRef = 9192996F15B7ACB000432FE9 /* blackArrow.png */; };
		9192998D15B7ACB000432FE9 /* blackArrow@2x.png in Resources */ = {isa = PBXBuildFile; fileRef = 9192997015B7ACB000432FE9 /* blackArrow@2x.png */; };
		9192998E15B7ACB000432FE9 /* blueArrow.png in Resources */ = {isa = PBXBuildFile; fileRef = 9192997115B7ACB000432FE9 /* blueArrow.png */; };
		9192998F15B7ACB000432FE9 /* blueArrow@2x.png in Resources */ = {isa = PBXBuildFile; fileRef = 9192997215B7ACB000432FE9 /* blueArrow@2x.png */; };
		9192999015B7ACB000432FE9 /* grayArrow.png in Resources */ = {isa = PBXBuildFile; fileRef = 9192997315B7ACB000432FE9 /* grayArrow.png */; };
		9192999115B7ACB000432FE9 /* grayArrow@2x.png in Resources */ = {isa = PBXBuildFile; fileRef = 9192997415B7ACB000432FE9 /* grayArrow@2x.png */; };
		9192999215B7ACB000432FE9 /* whiteArrow.png in Resources */ = {isa = PBXBuildFile; fileRef = 9192997515B7ACB000432FE9 /* whiteArrow.png */; };
		9192999315B7ACB000432FE9 /* whiteArrow@2x.png in Resources */ = {isa = PBXBuildFile; fileRef = 9192997615B7ACB000432FE9 /* whiteArrow@2x.png */; };
		919299A615B7ACC800432FE9 /* NSDate+Relative.h in Headers */ = {isa = PBXBuildFile; fileRef = 9192999415B7ACC800432FE9 /* NSDate+Relative.h */; };
		919299A715B7ACC800432FE9 /* NSDate+Relative.m in Sources */ = {isa = PBXBuildFile; fileRef = 9192999515B7ACC800432FE9 /* NSDate+Relative.m */; };
		919299A815B7ACC800432FE9 /* NSDate+Relative.m in Sources */ = {isa = PBXBuildFile; fileRef = 9192999515B7ACC800432FE9 /* NSDate+Relative.m */; };
		919299A915B7ACC800432FE9 /* NSURLRequest+Parameters.h in Headers */ = {isa = PBXBuildFile; fileRef = 9192999615B7ACC800432FE9 /* NSURLRequest+Parameters.h */; };
		919299AA15B7ACC800432FE9 /* NSURLRequest+Parameters.m in Sources */ = {isa = PBXBuildFile; fileRef = 9192999715B7ACC800432FE9 /* NSURLRequest+Parameters.m */; };
		919299AB15B7ACC800432FE9 /* NSURLRequest+Parameters.m in Sources */ = {isa = PBXBuildFile; fileRef = 9192999715B7ACC800432FE9 /* NSURLRequest+Parameters.m */; };
		919299AC15B7ACC800432FE9 /* UITableView+Extended.h in Headers */ = {isa = PBXBuildFile; fileRef = 9192999815B7ACC800432FE9 /* UITableView+Extended.h */; };
		919299AD15B7ACC800432FE9 /* UITableView+Extended.m in Sources */ = {isa = PBXBuildFile; fileRef = 9192999915B7ACC800432FE9 /* UITableView+Extended.m */; };
		919299AE15B7ACC800432FE9 /* UITableView+Extended.m in Sources */ = {isa = PBXBuildFile; fileRef = 9192999915B7ACC800432FE9 /* UITableView+Extended.m */; };
		919299AF15B7ACC800432FE9 /* UITableViewCell+Extented.h in Headers */ = {isa = PBXBuildFile; fileRef = 9192999A15B7ACC800432FE9 /* UITableViewCell+Extented.h */; };
		919299B015B7ACC800432FE9 /* UITableViewCell+Extented.m in Sources */ = {isa = PBXBuildFile; fileRef = 9192999B15B7ACC800432FE9 /* UITableViewCell+Extented.m */; };
		919299B115B7ACC800432FE9 /* UITableViewCell+Extented.m in Sources */ = {isa = PBXBuildFile; fileRef = 9192999B15B7ACC800432FE9 /* UITableViewCell+Extented.m */; };
		919299B215B7ACC800432FE9 /* UIView+Utils.h in Headers */ = {isa = PBXBuildFile; fileRef = 9192999C15B7ACC800432FE9 /* UIView+Utils.h */; };
		919299B315B7ACC800432FE9 /* UIView+Utils.m in Sources */ = {isa = PBXBuildFile; fileRef = 9192999D15B7ACC800432FE9 /* UIView+Utils.m */; };
		919299B415B7ACC800432FE9 /* UIView+Utils.m in Sources */ = {isa = PBXBuildFile; fileRef = 9192999D15B7ACC800432FE9 /* UIView+Utils.m */; };
		919299B515B7ACC800432FE9 /* UITableViewController+RoundedBackground.m in Sources */ = {isa = PBXBuildFile; fileRef = 9192999E15B7ACC800432FE9 /* UITableViewController+RoundedBackground.m */; };
		919299B615B7ACC800432FE9 /* UITableViewController+RoundedBackground.m in Sources */ = {isa = PBXBuildFile; fileRef = 9192999E15B7ACC800432FE9 /* UITableViewController+RoundedBackground.m */; };
		919299B715B7ACC800432FE9 /* NSHTTPCookie+Utils.h in Headers */ = {isa = PBXBuildFile; fileRef = 9192999F15B7ACC800432FE9 /* NSHTTPCookie+Utils.h */; };
		919299B815B7ACC800432FE9 /* NSHTTPCookie+Utils.m in Sources */ = {isa = PBXBuildFile; fileRef = 919299A015B7ACC800432FE9 /* NSHTTPCookie+Utils.m */; };
		919299B915B7ACC800432FE9 /* NSHTTPCookie+Utils.m in Sources */ = {isa = PBXBuildFile; fileRef = 919299A015B7ACC800432FE9 /* NSHTTPCookie+Utils.m */; };
		919299BA15B7ACC800432FE9 /* UIImage+RoundCorner.m in Sources */ = {isa = PBXBuildFile; fileRef = 919299A115B7ACC800432FE9 /* UIImage+RoundCorner.m */; };
		919299BB15B7ACC800432FE9 /* UIImage+RoundCorner.m in Sources */ = {isa = PBXBuildFile; fileRef = 919299A115B7ACC800432FE9 /* UIImage+RoundCorner.m */; };
		919299BC15B7ACC800432FE9 /* UITableViewController+RoundedBackground.h in Headers */ = {isa = PBXBuildFile; fileRef = 919299A215B7ACC800432FE9 /* UITableViewController+RoundedBackground.h */; };
		919299BD15B7ACC800432FE9 /* UIImage+RoundCorner.h in Headers */ = {isa = PBXBuildFile; fileRef = 919299A315B7ACC800432FE9 /* UIImage+RoundCorner.h */; };
		919299BE15B7ACC800432FE9 /* UIImageExtendForScale.h in Headers */ = {isa = PBXBuildFile; fileRef = 919299A415B7ACC800432FE9 /* UIImageExtendForScale.h */; };
		919299BF15B7ACC800432FE9 /* UIImageExtendForScale.m in Sources */ = {isa = PBXBuildFile; fileRef = 919299A515B7ACC800432FE9 /* UIImageExtendForScale.m */; };
		919299C015B7ACC800432FE9 /* UIImageExtendForScale.m in Sources */ = {isa = PBXBuildFile; fileRef = 919299A515B7ACC800432FE9 /* UIImageExtendForScale.m */; };
		919299DA15B7AD6D00432FE9 /* LSKLocationCenter.h in Headers */ = {isa = PBXBuildFile; fileRef = 919299CB15B7AD6D00432FE9 /* LSKLocationCenter.h */; };
		919299DB15B7AD6D00432FE9 /* LSKLocationCenter.m in Sources */ = {isa = PBXBuildFile; fileRef = 919299CC15B7AD6D00432FE9 /* LSKLocationCenter.m */; };
		919299DC15B7AD6D00432FE9 /* LSKLocationCenter.m in Sources */ = {isa = PBXBuildFile; fileRef = 919299CC15B7AD6D00432FE9 /* LSKLocationCenter.m */; };
		919299E015B7AD6D00432FE9 /* LSKConstants.h in Headers */ = {isa = PBXBuildFile; fileRef = 919299D015B7AD6D00432FE9 /* LSKConstants.h */; };
		919299E115B7AD6D00432FE9 /* LSKMailSender.h in Headers */ = {isa = PBXBuildFile; fileRef = 919299D215B7AD6D00432FE9 /* LSKMailSender.h */; };
		919299E215B7AD6D00432FE9 /* LSKMailSender.m in Sources */ = {isa = PBXBuildFile; fileRef = 919299D315B7AD6D00432FE9 /* LSKMailSender.m */; };
		919299E315B7AD6D00432FE9 /* LSKMailSender.m in Sources */ = {isa = PBXBuildFile; fileRef = 919299D315B7AD6D00432FE9 /* LSKMailSender.m */; };
		919299E415B7AD6D00432FE9 /* LSKSMSSender.h in Headers */ = {isa = PBXBuildFile; fileRef = 919299D515B7AD6D00432FE9 /* LSKSMSSender.h */; };
		919299E515B7AD6D00432FE9 /* LSKSMSSender.m in Sources */ = {isa = PBXBuildFile; fileRef = 919299D615B7AD6D00432FE9 /* LSKSMSSender.m */; };
		919299E615B7AD6D00432FE9 /* LSKSMSSender.m in Sources */ = {isa = PBXBuildFile; fileRef = 919299D615B7AD6D00432FE9 /* LSKSMSSender.m */; };
		91929A0115B7B4DF00432FE9 /* UIColor+Expanded.h in Headers */ = {isa = PBXBuildFile; fileRef = 919299FF15B7B4DF00432FE9 /* UIColor+Expanded.h */; };
		91929A0215B7B4DF00432FE9 /* UIColor+Expanded.m in Sources */ = {isa = PBXBuildFile; fileRef = 91929A0015B7B4DF00432FE9 /* UIColor+Expanded.m */; };
		91929A0315B7B4DF00432FE9 /* UIColor+Expanded.m in Sources */ = {isa = PBXBuildFile; fileRef = 91929A0015B7B4DF00432FE9 /* UIColor+Expanded.m */; };
		91929A0715B7B5A700432FE9 /* NSDictionary+Extend.h in Headers */ = {isa = PBXBuildFile; fileRef = 91929A0515B7B5A700432FE9 /* NSDictionary+Extend.h */; };
		91929A0815B7B5A700432FE9 /* NSDictionary+Extend.m in Sources */ = {isa = PBXBuildFile; fileRef = 91929A0615B7B5A700432FE9 /* NSDictionary+Extend.m */; };
		91929A0915B7B5A700432FE9 /* NSDictionary+Extend.m in Sources */ = {isa = PBXBuildFile; fileRef = 91929A0615B7B5A700432FE9 /* NSDictionary+Extend.m */; };
		91929A1115B7B6FF00432FE9 /* UIKit.framework in Frameworks */ = {isa = PBXBuildFile; fileRef = 91929A1015B7B6FF00432FE9 /* UIKit.framework */; };
		91929A1A15B7EBA200432FE9 /* LSKConstants.m in Sources */ = {isa = PBXBuildFile; fileRef = 91929A1915B7EBA100432FE9 /* LSKConstants.m */; };
		91929A1B15B7EBA200432FE9 /* LSKConstants.m in Sources */ = {isa = PBXBuildFile; fileRef = 91929A1915B7EBA100432FE9 /* LSKConstants.m */; };
		91929A3315B7F67000432FE9 /* LSKBaseCell.h in Headers */ = {isa = PBXBuildFile; fileRef = 91929A1E15B7F67000432FE9 /* LSKBaseCell.h */; };
		91929A3415B7F67000432FE9 /* LSKBaseCell.m in Sources */ = {isa = PBXBuildFile; fileRef = 91929A1F15B7F67000432FE9 /* LSKBaseCell.m */; };
		91929A3515B7F67000432FE9 /* LSKBaseCell.m in Sources */ = {isa = PBXBuildFile; fileRef = 91929A1F15B7F67000432FE9 /* LSKBaseCell.m */; };
		91929A3615B7F67000432FE9 /* LSKImageCell.h in Headers */ = {isa = PBXBuildFile; fileRef = 91929A2015B7F67000432FE9 /* LSKImageCell.h */; };
		91929A3715B7F67000432FE9 /* LSKImageCell.m in Sources */ = {isa = PBXBuildFile; fileRef = 91929A2115B7F67000432FE9 /* LSKImageCell.m */; };
		91929A3815B7F67000432FE9 /* LSKImageCell.m in Sources */ = {isa = PBXBuildFile; fileRef = 91929A2115B7F67000432FE9 /* LSKImageCell.m */; };
		91929A3915B7F67000432FE9 /* LSKImageSubtitleCell.h in Headers */ = {isa = PBXBuildFile; fileRef = 91929A2215B7F67000432FE9 /* LSKImageSubtitleCell.h */; };
		91929A3A15B7F67000432FE9 /* LSKImageSubtitleCell.m in Sources */ = {isa = PBXBuildFile; fileRef = 91929A2315B7F67000432FE9 /* LSKImageSubtitleCell.m */; };
		91929A3B15B7F67000432FE9 /* LSKImageSubtitleCell.m in Sources */ = {isa = PBXBuildFile; fileRef = 91929A2315B7F67000432FE9 /* LSKImageSubtitleCell.m */; };
		91929A3C15B7F67000432FE9 /* LSKImageTitleCell.h in Headers */ = {isa = PBXBuildFile; fileRef = 91929A2415B7F67000432FE9 /* LSKImageTitleCell.h */; };
		91929A3D15B7F67000432FE9 /* LSKImageTitleCell.m in Sources */ = {isa = PBXBuildFile; fileRef = 91929A2515B7F67000432FE9 /* LSKImageTitleCell.m */; };
		91929A3E15B7F67000432FE9 /* LSKImageTitleCell.m in Sources */ = {isa = PBXBuildFile; fileRef = 91929A2515B7F67000432FE9 /* LSKImageTitleCell.m */; };
		91929A3F15B7F67000432FE9 /* LSKLoadCell.h in Headers */ = {isa = PBXBuildFile; fileRef = 91929A2615B7F67000432FE9 /* LSKLoadCell.h */; };
		91929A4015B7F67000432FE9 /* LSKLoadCell.m in Sources */ = {isa = PBXBuildFile; fileRef = 91929A2715B7F67000432FE9 /* LSKLoadCell.m */; };
		91929A4115B7F67000432FE9 /* LSKLoadCell.m in Sources */ = {isa = PBXBuildFile; fileRef = 91929A2715B7F67000432FE9 /* LSKLoadCell.m */; };
		91929A4215B7F67000432FE9 /* LSKCustomAlertView.h in Headers */ = {isa = PBXBuildFile; fileRef = 91929A2815B7F67000432FE9 /* LSKCustomAlertView.h */; };
		91929A4315B7F67000432FE9 /* LSKCustomAlertView.m in Sources */ = {isa = PBXBuildFile; fileRef = 91929A2915B7F67000432FE9 /* LSKCustomAlertView.m */; };
		91929A4415B7F67000432FE9 /* LSKCustomAlertView.m in Sources */ = {isa = PBXBuildFile; fileRef = 91929A2915B7F67000432FE9 /* LSKCustomAlertView.m */; };
		91929A4515B7F67000432FE9 /* EGOImageRoundedButton.h in Headers */ = {isa = PBXBuildFile; fileRef = 91929A2B15B7F67000432FE9 /* EGOImageRoundedButton.h */; };
		91929A4615B7F67000432FE9 /* EGOImageRoundedButton.m in Sources */ = {isa = PBXBuildFile; fileRef = 91929A2C15B7F67000432FE9 /* EGOImageRoundedButton.m */; };
		91929A4715B7F67000432FE9 /* EGOImageRoundedButton.m in Sources */ = {isa = PBXBuildFile; fileRef = 91929A2C15B7F67000432FE9 /* EGOImageRoundedButton.m */; };
		91929A4815B7F67000432FE9 /* EGOImageRoundedView.h in Headers */ = {isa = PBXBuildFile; fileRef = 91929A2D15B7F67000432FE9 /* EGOImageRoundedView.h */; };
		91929A4915B7F67000432FE9 /* EGOImageRoundedView.m in Sources */ = {isa = PBXBuildFile; fileRef = 91929A2E15B7F67000432FE9 /* EGOImageRoundedView.m */; };
		91929A4A15B7F67000432FE9 /* EGOImageRoundedView.m in Sources */ = {isa = PBXBuildFile; fileRef = 91929A2E15B7F67000432FE9 /* EGOImageRoundedView.m */; };
		91929A4B15B7F67000432FE9 /* EGOImageURLSafeButton.h in Headers */ = {isa = PBXBuildFile; fileRef = 91929A2F15B7F67000432FE9 /* EGOImageURLSafeButton.h */; };
		91929A4C15B7F67000432FE9 /* EGOImageURLSafeButton.m in Sources */ = {isa = PBXBuildFile; fileRef = 91929A3015B7F67000432FE9 /* EGOImageURLSafeButton.m */; };
		91929A4D15B7F67000432FE9 /* EGOImageURLSafeButton.m in Sources */ = {isa = PBXBuildFile; fileRef = 91929A3015B7F67000432FE9 /* EGOImageURLSafeButton.m */; };
		91929A4E15B7F67000432FE9 /* EGOImageURLSafeView.h in Headers */ = {isa = PBXBuildFile; fileRef = 91929A3115B7F67000432FE9 /* EGOImageURLSafeView.h */; };
		91929A4F15B7F67000432FE9 /* EGOImageURLSafeView.m in Sources */ = {isa = PBXBuildFile; fileRef = 91929A3215B7F67000432FE9 /* EGOImageURLSafeView.m */; };
		91929A5015B7F67000432FE9 /* EGOImageURLSafeView.m in Sources */ = {isa = PBXBuildFile; fileRef = 91929A3215B7F67000432FE9 /* EGOImageURLSafeView.m */; };
		91929A6515B8010300432FE9 /* LSKZoomPictureViewController.h in Headers */ = {isa = PBXBuildFile; fileRef = 91929A5915B8010300432FE9 /* LSKZoomPictureViewController.h */; };
		91929A6615B8010300432FE9 /* LSKZoomPictureViewController.m in Sources */ = {isa = PBXBuildFile; fileRef = 91929A5A15B8010300432FE9 /* LSKZoomPictureViewController.m */; };
		91929A6715B8010300432FE9 /* LSKZoomPictureViewController.m in Sources */ = {isa = PBXBuildFile; fileRef = 91929A5A15B8010300432FE9 /* LSKZoomPictureViewController.m */; };
		91929A6815B8010300432FE9 /* LSKZoomPictureViewController.xib in Resources */ = {isa = PBXBuildFile; fileRef = 91929A5B15B8010300432FE9 /* LSKZoomPictureViewController.xib */; };
		91929A8E15B80DB400432FE9 /* LSKSegmentManagingViewController.h in Headers */ = {isa = PBXBuildFile; fileRef = 91929A8515B80DB400432FE9 /* LSKSegmentManagingViewController.h */; };
		91929A8F15B80DB400432FE9 /* LSKSegmentManagingViewController.m in Sources */ = {isa = PBXBuildFile; fileRef = 91929A8615B80DB400432FE9 /* LSKSegmentManagingViewController.m */; };
		91929A9015B80DB400432FE9 /* LSKSegmentManagingViewController.m in Sources */ = {isa = PBXBuildFile; fileRef = 91929A8615B80DB400432FE9 /* LSKSegmentManagingViewController.m */; };
		91929A9115B80DB400432FE9 /* EGORefreshTableHeaderView.h in Headers */ = {isa = PBXBuildFile; fileRef = 91929A8815B80DB400432FE9 /* EGORefreshTableHeaderView.h */; };
		91929A9215B80DB400432FE9 /* EGORefreshTableHeaderView.m in Sources */ = {isa = PBXBuildFile; fileRef = 91929A8915B80DB400432FE9 /* EGORefreshTableHeaderView.m */; };
		91929A9315B80DB400432FE9 /* EGORefreshTableHeaderView.m in Sources */ = {isa = PBXBuildFile; fileRef = 91929A8915B80DB400432FE9 /* EGORefreshTableHeaderView.m */; };
		91929A9415B80DB400432FE9 /* EGORefreshTableViewController.h in Headers */ = {isa = PBXBuildFile; fileRef = 91929A8A15B80DB400432FE9 /* EGORefreshTableViewController.h */; };
		91929A9515B80DB400432FE9 /* EGORefreshTableViewController.m in Sources */ = {isa = PBXBuildFile; fileRef = 91929A8B15B80DB400432FE9 /* EGORefreshTableViewController.m */; };
		91929A9615B80DB400432FE9 /* EGORefreshTableViewController.m in Sources */ = {isa = PBXBuildFile; fileRef = 91929A8B15B80DB400432FE9 /* EGORefreshTableViewController.m */; };
		91929A9715B80DB400432FE9 /* LSKCommonPullRefreshTableViewController.h in Headers */ = {isa = PBXBuildFile; fileRef = 91929A8C15B80DB400432FE9 /* LSKCommonPullRefreshTableViewController.h */; };
		91929A9815B80DB400432FE9 /* LSKCommonPullRefreshTableViewController.m in Sources */ = {isa = PBXBuildFile; fileRef = 91929A8D15B80DB400432FE9 /* LSKCommonPullRefreshTableViewController.m */; };
		91929A9915B80DB400432FE9 /* LSKCommonPullRefreshTableViewController.m in Sources */ = {isa = PBXBuildFile; fileRef = 91929A8D15B80DB400432FE9 /* LSKCommonPullRefreshTableViewController.m */; };
		91AC71A315BD2418002006E7 /* DateUtils.h in Headers */ = {isa = PBXBuildFile; fileRef = 91AC71A115BD2418002006E7 /* DateUtils.h */; };
		91AC71A415BD2418002006E7 /* DateUtils.m in Sources */ = {isa = PBXBuildFile; fileRef = 91AC71A215BD2418002006E7 /* DateUtils.m */; };
		91AC71A515BD2418002006E7 /* DateUtils.m in Sources */ = {isa = PBXBuildFile; fileRef = 91AC71A215BD2418002006E7 /* DateUtils.m */; };
		91FD62A815C67CAC00D25174 /* LSKImageLeftRightSubtitleCell.m in Sources */ = {isa = PBXBuildFile; fileRef = 91FD62A615C67CAC00D25174 /* LSKImageLeftRightSubtitleCell.m */; };
		91FD62A915C67CAC00D25174 /* LSKImageLeftRightSubtitleCell.m in Sources */ = {isa = PBXBuildFile; fileRef = 91FD62A615C67CAC00D25174 /* LSKImageLeftRightSubtitleCell.m */; };
		91FD62AA15C67CAC00D25174 /* LSKImageLeftRightSubtitleCell.h in Headers */ = {isa = PBXBuildFile; fileRef = 91FD62A715C67CAC00D25174 /* LSKImageLeftRightSubtitleCell.h */; };
		99EC99BF5DBE4F4189FA2543 /* libPods.a in Frameworks */ = {isa = PBXBuildFile; fileRef = 5F0CAB215C5E431681E7AF55 /* libPods.a */; };
/* End PBXBuildFile section */

/* Begin PBXContainerItemProxy section */
		9108EE7E15AD5A2400F10B62 /* PBXContainerItemProxy */ = {
			isa = PBXContainerItemProxy;
			containerPortal = 9108EE5F15AD5A2300F10B62 /* Project object */;
			proxyType = 1;
			remoteGlobalIDString = 9108EE6715AD5A2400F10B62;
			remoteInfo = LSKToolkit;
		};
/* End PBXContainerItemProxy section */

/* Begin PBXFileReference section */
		2840602515CFC4E5005963E3 /* UIViewController+Navigation.h */ = {isa = PBXFileReference; fileEncoding = 4; lastKnownFileType = sourcecode.c.h; path = "UIViewController+Navigation.h"; sourceTree = "<group>"; };
		2840602615CFC4E5005963E3 /* UIViewController+Navigation.m */ = {isa = PBXFileReference; fileEncoding = 4; lastKnownFileType = sourcecode.c.objc; path = "UIViewController+Navigation.m"; sourceTree = "<group>"; };
		5F0CAB215C5E431681E7AF55 /* libPods.a */ = {isa = PBXFileReference; explicitFileType = archive.ar; includeInIndex = 0; path = libPods.a; sourceTree = BUILT_PRODUCTS_DIR; };
		66736BC5E890454F831016D0 /* Pods.xcconfig */ = {isa = PBXFileReference; lastKnownFileType = text.xcconfig; name = Pods.xcconfig; path = Pods/Pods.xcconfig; sourceTree = SOURCE_ROOT; };
		9108EE6815AD5A2400F10B62 /* libLSKToolkit.a */ = {isa = PBXFileReference; explicitFileType = archive.ar; includeInIndex = 0; path = libLSKToolkit.a; sourceTree = BUILT_PRODUCTS_DIR; };
		9108EE6B15AD5A2400F10B62 /* Foundation.framework */ = {isa = PBXFileReference; lastKnownFileType = wrapper.framework; name = Foundation.framework; path = System/Library/Frameworks/Foundation.framework; sourceTree = SDKROOT; };
		9108EE6F15AD5A2400F10B62 /* LSKToolkit-Prefix.pch */ = {isa = PBXFileReference; lastKnownFileType = sourcecode.c.h; path = "LSKToolkit-Prefix.pch"; sourceTree = "<group>"; };
		9108EE7015AD5A2400F10B62 /* LSKToolkit.h */ = {isa = PBXFileReference; lastKnownFileType = sourcecode.c.h; path = LSKToolkit.h; sourceTree = "<group>"; };
		9108EE7815AD5A2400F10B62 /* LSKToolkitTests.octest */ = {isa = PBXFileReference; explicitFileType = wrapper.cfbundle; includeInIndex = 0; path = LSKToolkitTests.octest; sourceTree = BUILT_PRODUCTS_DIR; };
		9108EE7915AD5A2400F10B62 /* SenTestingKit.framework */ = {isa = PBXFileReference; lastKnownFileType = wrapper.framework; name = SenTestingKit.framework; path = Library/Frameworks/SenTestingKit.framework; sourceTree = DEVELOPER_DIR; };
		9108EE7B15AD5A2400F10B62 /* UIKit.framework */ = {isa = PBXFileReference; lastKnownFileType = wrapper.framework; name = UIKit.framework; path = Library/Frameworks/UIKit.framework; sourceTree = DEVELOPER_DIR; };
		9108EE8315AD5A2400F10B62 /* LSKToolkitTests-Info.plist */ = {isa = PBXFileReference; lastKnownFileType = text.plist.xml; path = "LSKToolkitTests-Info.plist"; sourceTree = "<group>"; };
		9108EE8515AD5A2400F10B62 /* en */ = {isa = PBXFileReference; lastKnownFileType = text.plist.strings; name = en; path = en.lproj/InfoPlist.strings; sourceTree = "<group>"; };
		9108EE8715AD5A2400F10B62 /* LSKToolkitTests.h */ = {isa = PBXFileReference; lastKnownFileType = sourcecode.c.h; path = LSKToolkitTests.h; sourceTree = "<group>"; };
		9108EE8815AD5A2400F10B62 /* LSKToolkitTests.m */ = {isa = PBXFileReference; lastKnownFileType = sourcecode.c.objc; path = LSKToolkitTests.m; sourceTree = "<group>"; };
		91107ADE15BD01DA00A2B852 /* LSKPlainWebViewController.m */ = {isa = PBXFileReference; fileEncoding = 4; lastKnownFileType = sourcecode.c.objc; path = LSKPlainWebViewController.m; sourceTree = "<group>"; };
		91107ADF15BD01DA00A2B852 /* LSKPlainWebViewController.h */ = {isa = PBXFileReference; fileEncoding = 4; lastKnownFileType = sourcecode.c.h; path = LSKPlainWebViewController.h; sourceTree = "<group>"; };
		9139781415C0F17C00BB8468 /* LSKBaseTableViewController.h */ = {isa = PBXFileReference; fileEncoding = 4; lastKnownFileType = sourcecode.c.h; path = LSKBaseTableViewController.h; sourceTree = "<group>"; };
		9139781515C0F17C00BB8468 /* LSKBaseTableViewController.m */ = {isa = PBXFileReference; fileEncoding = 4; lastKnownFileType = sourcecode.c.objc; path = LSKBaseTableViewController.m; sourceTree = "<group>"; };
		9157668D15B939A200E81544 /* LSKCustomTabBar.h */ = {isa = PBXFileReference; fileEncoding = 4; lastKnownFileType = sourcecode.c.h; path = LSKCustomTabBar.h; sourceTree = "<group>"; };
		9157668E15B939A200E81544 /* LSKCustomTabBar.m */ = {isa = PBXFileReference; fileEncoding = 4; lastKnownFileType = sourcecode.c.objc; path = LSKCustomTabBar.m; sourceTree = "<group>"; };
		9157668F15B939A200E81544 /* LSKCustomTabBarViewController.h */ = {isa = PBXFileReference; fileEncoding = 4; lastKnownFileType = sourcecode.c.h; path = LSKCustomTabBarViewController.h; sourceTree = "<group>"; };
		9157669015B939A200E81544 /* LSKCustomTabBarViewController.m */ = {isa = PBXFileReference; fileEncoding = 4; lastKnownFileType = sourcecode.c.objc; path = LSKCustomTabBarViewController.m; sourceTree = "<group>"; };
		917B3E8515BE7AE900060FDE /* LSKPushWebViewController.h */ = {isa = PBXFileReference; fileEncoding = 4; lastKnownFileType = sourcecode.c.h; path = LSKPushWebViewController.h; sourceTree = "<group>"; };
		917B3E8615BE7AE900060FDE /* LSKPushWebViewController.m */ = {isa = PBXFileReference; fileEncoding = 4; lastKnownFileType = sourcecode.c.objc; path = LSKPushWebViewController.m; sourceTree = "<group>"; };
		917B3EA715BE8ED600060FDE /* LSKMapAnnotation.h */ = {isa = PBXFileReference; fileEncoding = 4; lastKnownFileType = sourcecode.c.h; path = LSKMapAnnotation.h; sourceTree = "<group>"; };
		917B3EA815BE8ED600060FDE /* LSKMapAnnotation.m */ = {isa = PBXFileReference; fileEncoding = 4; lastKnownFileType = sourcecode.c.objc; path = LSKMapAnnotation.m; sourceTree = "<group>"; };
		917B3EA915BE8ED600060FDE /* LSKMapViewController.h */ = {isa = PBXFileReference; fileEncoding = 4; lastKnownFileType = sourcecode.c.h; path = LSKMapViewController.h; sourceTree = "<group>"; };
		917B3EAA15BE8ED600060FDE /* LSKMapViewController.m */ = {isa = PBXFileReference; fileEncoding = 4; lastKnownFileType = sourcecode.c.objc; path = LSKMapViewController.m; sourceTree = "<group>"; };
		917B3EAB15BE8ED600060FDE /* LSKMultiAnnotationsMapViewController.h */ = {isa = PBXFileReference; fileEncoding = 4; lastKnownFileType = sourcecode.c.h; path = LSKMultiAnnotationsMapViewController.h; sourceTree = "<group>"; };
		917B3EAC15BE8ED600060FDE /* LSKMultiAnnotationsMapViewController.m */ = {isa = PBXFileReference; fileEncoding = 4; lastKnownFileType = sourcecode.c.objc; path = LSKMultiAnnotationsMapViewController.m; sourceTree = "<group>"; };
		917B3EAD15BE8ED600060FDE /* LSKSingleAnnotationMapViewController.h */ = {isa = PBXFileReference; fileEncoding = 4; lastKnownFileType = sourcecode.c.h; path = LSKSingleAnnotationMapViewController.h; sourceTree = "<group>"; };
		917B3EAE15BE8ED600060FDE /* LSKSingleAnnotationMapViewController.m */ = {isa = PBXFileReference; fileEncoding = 4; lastKnownFileType = sourcecode.c.objc; path = LSKSingleAnnotationMapViewController.m; sourceTree = "<group>"; };
		917B3EE315BF925C00060FDE /* UIViewController+Custom.h */ = {isa = PBXFileReference; fileEncoding = 4; lastKnownFileType = sourcecode.c.h; path = "UIViewController+Custom.h"; sourceTree = "<group>"; };
		917B3EE415BF925C00060FDE /* UIViewController+Custom.m */ = {isa = PBXFileReference; fileEncoding = 4; lastKnownFileType = sourcecode.c.objc; path = "UIViewController+Custom.m"; sourceTree = "<group>"; };
		9183C6BE15B909D5001DC406 /* PagedResult.h */ = {isa = PBXFileReference; fileEncoding = 4; lastKnownFileType = sourcecode.c.h; path = PagedResult.h; sourceTree = "<group>"; };
		9183C6BF15B909D5001DC406 /* PagedResult.m */ = {isa = PBXFileReference; fileEncoding = 4; lastKnownFileType = sourcecode.c.objc; path = PagedResult.m; sourceTree = "<group>"; };
		9183C6C415B90ADE001DC406 /* LSKCommonMKTableViewController.h */ = {isa = PBXFileReference; fileEncoding = 4; lastKnownFileType = sourcecode.c.h; path = LSKCommonMKTableViewController.h; sourceTree = "<group>"; };
		9183C6C515B90ADE001DC406 /* LSKCommonMKTableViewController.m */ = {isa = PBXFileReference; fileEncoding = 4; lastKnownFileType = sourcecode.c.objc; path = LSKCommonMKTableViewController.m; sourceTree = "<group>"; };
		9192996F15B7ACB000432FE9 /* blackArrow.png */ = {isa = PBXFileReference; lastKnownFileType = image.png; path = blackArrow.png; sourceTree = "<group>"; };
		9192997015B7ACB000432FE9 /* blackArrow@2x.png */ = {isa = PBXFileReference; lastKnownFileType = image.png; path = "blackArrow@2x.png"; sourceTree = "<group>"; };
		9192997115B7ACB000432FE9 /* blueArrow.png */ = {isa = PBXFileReference; lastKnownFileType = image.png; path = blueArrow.png; sourceTree = "<group>"; };
		9192997215B7ACB000432FE9 /* blueArrow@2x.png */ = {isa = PBXFileReference; lastKnownFileType = image.png; path = "blueArrow@2x.png"; sourceTree = "<group>"; };
		9192997315B7ACB000432FE9 /* grayArrow.png */ = {isa = PBXFileReference; lastKnownFileType = image.png; path = grayArrow.png; sourceTree = "<group>"; };
		9192997415B7ACB000432FE9 /* grayArrow@2x.png */ = {isa = PBXFileReference; lastKnownFileType = image.png; path = "grayArrow@2x.png"; sourceTree = "<group>"; };
		9192997515B7ACB000432FE9 /* whiteArrow.png */ = {isa = PBXFileReference; lastKnownFileType = image.png; path = whiteArrow.png; sourceTree = "<group>"; };
		9192997615B7ACB000432FE9 /* whiteArrow@2x.png */ = {isa = PBXFileReference; lastKnownFileType = image.png; path = "whiteArrow@2x.png"; sourceTree = "<group>"; };
		9192999415B7ACC800432FE9 /* NSDate+Relative.h */ = {isa = PBXFileReference; fileEncoding = 4; lastKnownFileType = sourcecode.c.h; path = "NSDate+Relative.h"; sourceTree = "<group>"; };
		9192999515B7ACC800432FE9 /* NSDate+Relative.m */ = {isa = PBXFileReference; fileEncoding = 4; lastKnownFileType = sourcecode.c.objc; path = "NSDate+Relative.m"; sourceTree = "<group>"; };
		9192999615B7ACC800432FE9 /* NSURLRequest+Parameters.h */ = {isa = PBXFileReference; fileEncoding = 4; lastKnownFileType = sourcecode.c.h; path = "NSURLRequest+Parameters.h"; sourceTree = "<group>"; };
		9192999715B7ACC800432FE9 /* NSURLRequest+Parameters.m */ = {isa = PBXFileReference; fileEncoding = 4; lastKnownFileType = sourcecode.c.objc; path = "NSURLRequest+Parameters.m"; sourceTree = "<group>"; };
		9192999815B7ACC800432FE9 /* UITableView+Extended.h */ = {isa = PBXFileReference; fileEncoding = 4; lastKnownFileType = sourcecode.c.h; path = "UITableView+Extended.h"; sourceTree = "<group>"; };
		9192999915B7ACC800432FE9 /* UITableView+Extended.m */ = {isa = PBXFileReference; fileEncoding = 4; lastKnownFileType = sourcecode.c.objc; path = "UITableView+Extended.m"; sourceTree = "<group>"; };
		9192999A15B7ACC800432FE9 /* UITableViewCell+Extented.h */ = {isa = PBXFileReference; fileEncoding = 4; lastKnownFileType = sourcecode.c.h; path = "UITableViewCell+Extented.h"; sourceTree = "<group>"; };
		9192999B15B7ACC800432FE9 /* UITableViewCell+Extented.m */ = {isa = PBXFileReference; fileEncoding = 4; lastKnownFileType = sourcecode.c.objc; path = "UITableViewCell+Extented.m"; sourceTree = "<group>"; };
		9192999C15B7ACC800432FE9 /* UIView+Utils.h */ = {isa = PBXFileReference; fileEncoding = 4; lastKnownFileType = sourcecode.c.h; path = "UIView+Utils.h"; sourceTree = "<group>"; };
		9192999D15B7ACC800432FE9 /* UIView+Utils.m */ = {isa = PBXFileReference; fileEncoding = 4; lastKnownFileType = sourcecode.c.objc; path = "UIView+Utils.m"; sourceTree = "<group>"; };
		9192999E15B7ACC800432FE9 /* UITableViewController+RoundedBackground.m */ = {isa = PBXFileReference; fileEncoding = 4; lastKnownFileType = sourcecode.c.objc; path = "UITableViewController+RoundedBackground.m"; sourceTree = "<group>"; };
		9192999F15B7ACC800432FE9 /* NSHTTPCookie+Utils.h */ = {isa = PBXFileReference; fileEncoding = 4; lastKnownFileType = sourcecode.c.h; path = "NSHTTPCookie+Utils.h"; sourceTree = "<group>"; };
		919299A015B7ACC800432FE9 /* NSHTTPCookie+Utils.m */ = {isa = PBXFileReference; fileEncoding = 4; lastKnownFileType = sourcecode.c.objc; path = "NSHTTPCookie+Utils.m"; sourceTree = "<group>"; };
		919299A115B7ACC800432FE9 /* UIImage+RoundCorner.m */ = {isa = PBXFileReference; fileEncoding = 4; lastKnownFileType = sourcecode.c.objc; path = "UIImage+RoundCorner.m"; sourceTree = "<group>"; };
		919299A215B7ACC800432FE9 /* UITableViewController+RoundedBackground.h */ = {isa = PBXFileReference; fileEncoding = 4; lastKnownFileType = sourcecode.c.h; path = "UITableViewController+RoundedBackground.h"; sourceTree = "<group>"; };
		919299A315B7ACC800432FE9 /* UIImage+RoundCorner.h */ = {isa = PBXFileReference; fileEncoding = 4; lastKnownFileType = sourcecode.c.h; path = "UIImage+RoundCorner.h"; sourceTree = "<group>"; };
		919299A415B7ACC800432FE9 /* UIImageExtendForScale.h */ = {isa = PBXFileReference; fileEncoding = 4; lastKnownFileType = sourcecode.c.h; path = UIImageExtendForScale.h; sourceTree = "<group>"; };
		919299A515B7ACC800432FE9 /* UIImageExtendForScale.m */ = {isa = PBXFileReference; fileEncoding = 4; lastKnownFileType = sourcecode.c.objc; path = UIImageExtendForScale.m; sourceTree = "<group>"; };
		919299CB15B7AD6D00432FE9 /* LSKLocationCenter.h */ = {isa = PBXFileReference; fileEncoding = 4; lastKnownFileType = sourcecode.c.h; path = LSKLocationCenter.h; sourceTree = "<group>"; };
		919299CC15B7AD6D00432FE9 /* LSKLocationCenter.m */ = {isa = PBXFileReference; fileEncoding = 4; lastKnownFileType = sourcecode.c.objc; path = LSKLocationCenter.m; sourceTree = "<group>"; };
		919299D015B7AD6D00432FE9 /* LSKConstants.h */ = {isa = PBXFileReference; fileEncoding = 4; lastKnownFileType = sourcecode.c.h; path = LSKConstants.h; sourceTree = "<group>"; };
		919299D215B7AD6D00432FE9 /* LSKMailSender.h */ = {isa = PBXFileReference; fileEncoding = 4; lastKnownFileType = sourcecode.c.h; path = LSKMailSender.h; sourceTree = "<group>"; };
		919299D315B7AD6D00432FE9 /* LSKMailSender.m */ = {isa = PBXFileReference; fileEncoding = 4; lastKnownFileType = sourcecode.c.objc; path = LSKMailSender.m; sourceTree = "<group>"; };
		919299D515B7AD6D00432FE9 /* LSKSMSSender.h */ = {isa = PBXFileReference; fileEncoding = 4; lastKnownFileType = sourcecode.c.h; path = LSKSMSSender.h; sourceTree = "<group>"; };
		919299D615B7AD6D00432FE9 /* LSKSMSSender.m */ = {isa = PBXFileReference; fileEncoding = 4; lastKnownFileType = sourcecode.c.objc; path = LSKSMSSender.m; sourceTree = "<group>"; };
		919299FF15B7B4DF00432FE9 /* UIColor+Expanded.h */ = {isa = PBXFileReference; fileEncoding = 4; lastKnownFileType = sourcecode.c.h; path = "UIColor+Expanded.h"; sourceTree = "<group>"; };
		91929A0015B7B4DF00432FE9 /* UIColor+Expanded.m */ = {isa = PBXFileReference; fileEncoding = 4; lastKnownFileType = sourcecode.c.objc; path = "UIColor+Expanded.m"; sourceTree = "<group>"; };
		91929A0515B7B5A700432FE9 /* NSDictionary+Extend.h */ = {isa = PBXFileReference; fileEncoding = 4; lastKnownFileType = sourcecode.c.h; path = "NSDictionary+Extend.h"; sourceTree = "<group>"; };
		91929A0615B7B5A700432FE9 /* NSDictionary+Extend.m */ = {isa = PBXFileReference; fileEncoding = 4; lastKnownFileType = sourcecode.c.objc; path = "NSDictionary+Extend.m"; sourceTree = "<group>"; };
		91929A0A15B7B63500432FE9 /* CoreGraphics.framework */ = {isa = PBXFileReference; lastKnownFileType = wrapper.framework; name = CoreGraphics.framework; path = System/Library/Frameworks/CoreGraphics.framework; sourceTree = SDKROOT; };
		91929A0C15B7B66C00432FE9 /* CoreLocation.framework */ = {isa = PBXFileReference; lastKnownFileType = wrapper.framework; name = CoreLocation.framework; path = System/Library/Frameworks/CoreLocation.framework; sourceTree = SDKROOT; };
		91929A0E15B7B6DB00432FE9 /* QuartzCore.framework */ = {isa = PBXFileReference; lastKnownFileType = wrapper.framework; name = QuartzCore.framework; path = System/Library/Frameworks/QuartzCore.framework; sourceTree = SDKROOT; };
		91929A1015B7B6FF00432FE9 /* UIKit.framework */ = {isa = PBXFileReference; lastKnownFileType = wrapper.framework; name = UIKit.framework; path = System/Library/Frameworks/UIKit.framework; sourceTree = SDKROOT; };
		91929A1215B7B73400432FE9 /* MessageUI.framework */ = {isa = PBXFileReference; lastKnownFileType = wrapper.framework; name = MessageUI.framework; path = System/Library/Frameworks/MessageUI.framework; sourceTree = SDKROOT; };
		91929A1415B7B74B00432FE9 /* CoreText.framework */ = {isa = PBXFileReference; lastKnownFileType = wrapper.framework; name = CoreText.framework; path = System/Library/Frameworks/CoreText.framework; sourceTree = SDKROOT; };
		91929A1915B7EBA100432FE9 /* LSKConstants.m */ = {isa = PBXFileReference; fileEncoding = 4; lastKnownFileType = sourcecode.c.objc; path = LSKConstants.m; sourceTree = "<group>"; };
		91929A1E15B7F67000432FE9 /* LSKBaseCell.h */ = {isa = PBXFileReference; fileEncoding = 4; lastKnownFileType = sourcecode.c.h; path = LSKBaseCell.h; sourceTree = "<group>"; };
		91929A1F15B7F67000432FE9 /* LSKBaseCell.m */ = {isa = PBXFileReference; fileEncoding = 4; lastKnownFileType = sourcecode.c.objc; path = LSKBaseCell.m; sourceTree = "<group>"; };
		91929A2015B7F67000432FE9 /* LSKImageCell.h */ = {isa = PBXFileReference; fileEncoding = 4; lastKnownFileType = sourcecode.c.h; path = LSKImageCell.h; sourceTree = "<group>"; };
		91929A2115B7F67000432FE9 /* LSKImageCell.m */ = {isa = PBXFileReference; fileEncoding = 4; lastKnownFileType = sourcecode.c.objc; path = LSKImageCell.m; sourceTree = "<group>"; };
		91929A2215B7F67000432FE9 /* LSKImageSubtitleCell.h */ = {isa = PBXFileReference; fileEncoding = 4; lastKnownFileType = sourcecode.c.h; path = LSKImageSubtitleCell.h; sourceTree = "<group>"; };
		91929A2315B7F67000432FE9 /* LSKImageSubtitleCell.m */ = {isa = PBXFileReference; fileEncoding = 4; lastKnownFileType = sourcecode.c.objc; path = LSKImageSubtitleCell.m; sourceTree = "<group>"; };
		91929A2415B7F67000432FE9 /* LSKImageTitleCell.h */ = {isa = PBXFileReference; fileEncoding = 4; lastKnownFileType = sourcecode.c.h; path = LSKImageTitleCell.h; sourceTree = "<group>"; };
		91929A2515B7F67000432FE9 /* LSKImageTitleCell.m */ = {isa = PBXFileReference; fileEncoding = 4; lastKnownFileType = sourcecode.c.objc; path = LSKImageTitleCell.m; sourceTree = "<group>"; };
		91929A2615B7F67000432FE9 /* LSKLoadCell.h */ = {isa = PBXFileReference; fileEncoding = 4; lastKnownFileType = sourcecode.c.h; path = LSKLoadCell.h; sourceTree = "<group>"; };
		91929A2715B7F67000432FE9 /* LSKLoadCell.m */ = {isa = PBXFileReference; fileEncoding = 4; lastKnownFileType = sourcecode.c.objc; path = LSKLoadCell.m; sourceTree = "<group>"; };
		91929A2815B7F67000432FE9 /* LSKCustomAlertView.h */ = {isa = PBXFileReference; fileEncoding = 4; lastKnownFileType = sourcecode.c.h; path = LSKCustomAlertView.h; sourceTree = "<group>"; };
		91929A2915B7F67000432FE9 /* LSKCustomAlertView.m */ = {isa = PBXFileReference; fileEncoding = 4; lastKnownFileType = sourcecode.c.objc; path = LSKCustomAlertView.m; sourceTree = "<group>"; };
		91929A2B15B7F67000432FE9 /* EGOImageRoundedButton.h */ = {isa = PBXFileReference; fileEncoding = 4; lastKnownFileType = sourcecode.c.h; path = EGOImageRoundedButton.h; sourceTree = "<group>"; };
		91929A2C15B7F67000432FE9 /* EGOImageRoundedButton.m */ = {isa = PBXFileReference; fileEncoding = 4; lastKnownFileType = sourcecode.c.objc; path = EGOImageRoundedButton.m; sourceTree = "<group>"; };
		91929A2D15B7F67000432FE9 /* EGOImageRoundedView.h */ = {isa = PBXFileReference; fileEncoding = 4; lastKnownFileType = sourcecode.c.h; path = EGOImageRoundedView.h; sourceTree = "<group>"; };
		91929A2E15B7F67000432FE9 /* EGOImageRoundedView.m */ = {isa = PBXFileReference; fileEncoding = 4; lastKnownFileType = sourcecode.c.objc; path = EGOImageRoundedView.m; sourceTree = "<group>"; };
		91929A2F15B7F67000432FE9 /* EGOImageURLSafeButton.h */ = {isa = PBXFileReference; fileEncoding = 4; lastKnownFileType = sourcecode.c.h; path = EGOImageURLSafeButton.h; sourceTree = "<group>"; };
		91929A3015B7F67000432FE9 /* EGOImageURLSafeButton.m */ = {isa = PBXFileReference; fileEncoding = 4; lastKnownFileType = sourcecode.c.objc; path = EGOImageURLSafeButton.m; sourceTree = "<group>"; };
		91929A3115B7F67000432FE9 /* EGOImageURLSafeView.h */ = {isa = PBXFileReference; fileEncoding = 4; lastKnownFileType = sourcecode.c.h; path = EGOImageURLSafeView.h; sourceTree = "<group>"; };
		91929A3215B7F67000432FE9 /* EGOImageURLSafeView.m */ = {isa = PBXFileReference; fileEncoding = 4; lastKnownFileType = sourcecode.c.objc; path = EGOImageURLSafeView.m; sourceTree = "<group>"; };
		91929A5915B8010300432FE9 /* LSKZoomPictureViewController.h */ = {isa = PBXFileReference; fileEncoding = 4; lastKnownFileType = sourcecode.c.h; path = LSKZoomPictureViewController.h; sourceTree = "<group>"; };
		91929A5A15B8010300432FE9 /* LSKZoomPictureViewController.m */ = {isa = PBXFileReference; fileEncoding = 4; lastKnownFileType = sourcecode.c.objc; path = LSKZoomPictureViewController.m; sourceTree = "<group>"; };
		91929A5B15B8010300432FE9 /* LSKZoomPictureViewController.xib */ = {isa = PBXFileReference; fileEncoding = 4; lastKnownFileType = file.xib; name = LSKZoomPictureViewController.xib; path = ../../Controllers/LSKZoomPictureViewController.xib; sourceTree = "<group>"; };
		91929A8515B80DB400432FE9 /* LSKSegmentManagingViewController.h */ = {isa = PBXFileReference; fileEncoding = 4; lastKnownFileType = sourcecode.c.h; path = LSKSegmentManagingViewController.h; sourceTree = "<group>"; };
		91929A8615B80DB400432FE9 /* LSKSegmentManagingViewController.m */ = {isa = PBXFileReference; fileEncoding = 4; lastKnownFileType = sourcecode.c.objc; path = LSKSegmentManagingViewController.m; sourceTree = "<group>"; };
		91929A8815B80DB400432FE9 /* EGORefreshTableHeaderView.h */ = {isa = PBXFileReference; fileEncoding = 4; lastKnownFileType = sourcecode.c.h; path = EGORefreshTableHeaderView.h; sourceTree = "<group>"; };
		91929A8915B80DB400432FE9 /* EGORefreshTableHeaderView.m */ = {isa = PBXFileReference; fileEncoding = 4; lastKnownFileType = sourcecode.c.objc; path = EGORefreshTableHeaderView.m; sourceTree = "<group>"; };
		91929A8A15B80DB400432FE9 /* EGORefreshTableViewController.h */ = {isa = PBXFileReference; fileEncoding = 4; lastKnownFileType = sourcecode.c.h; path = EGORefreshTableViewController.h; sourceTree = "<group>"; };
		91929A8B15B80DB400432FE9 /* EGORefreshTableViewController.m */ = {isa = PBXFileReference; fileEncoding = 4; lastKnownFileType = sourcecode.c.objc; path = EGORefreshTableViewController.m; sourceTree = "<group>"; };
		91929A8C15B80DB400432FE9 /* LSKCommonPullRefreshTableViewController.h */ = {isa = PBXFileReference; fileEncoding = 4; lastKnownFileType = sourcecode.c.h; path = LSKCommonPullRefreshTableViewController.h; sourceTree = "<group>"; };
		91929A8D15B80DB400432FE9 /* LSKCommonPullRefreshTableViewController.m */ = {isa = PBXFileReference; fileEncoding = 4; lastKnownFileType = sourcecode.c.objc; path = LSKCommonPullRefreshTableViewController.m; sourceTree = "<group>"; };
		91AC71A115BD2418002006E7 /* DateUtils.h */ = {isa = PBXFileReference; fileEncoding = 4; lastKnownFileType = sourcecode.c.h; path = DateUtils.h; sourceTree = "<group>"; };
		91AC71A215BD2418002006E7 /* DateUtils.m */ = {isa = PBXFileReference; fileEncoding = 4; lastKnownFileType = sourcecode.c.objc; path = DateUtils.m; sourceTree = "<group>"; };
		91FD62A615C67CAC00D25174 /* LSKImageLeftRightSubtitleCell.m */ = {isa = PBXFileReference; fileEncoding = 4; lastKnownFileType = sourcecode.c.objc; path = LSKImageLeftRightSubtitleCell.m; sourceTree = "<group>"; };
		91FD62A715C67CAC00D25174 /* LSKImageLeftRightSubtitleCell.h */ = {isa = PBXFileReference; fileEncoding = 4; lastKnownFileType = sourcecode.c.h; path = LSKImageLeftRightSubtitleCell.h; sourceTree = "<group>"; };
/* End PBXFileReference section */

/* Begin PBXFrameworksBuildPhase section */
		9108EE6515AD5A2400F10B62 /* Frameworks */ = {
			isa = PBXFrameworksBuildPhase;
			buildActionMask = 2147483647;
			files = (
				91929A1115B7B6FF00432FE9 /* UIKit.framework in Frameworks */,
				9108EE6C15AD5A2400F10B62 /* Foundation.framework in Frameworks */,
				99EC99BF5DBE4F4189FA2543 /* libPods.a in Frameworks */,
			);
			runOnlyForDeploymentPostprocessing = 0;
		};
		9108EE7415AD5A2400F10B62 /* Frameworks */ = {
			isa = PBXFrameworksBuildPhase;
			buildActionMask = 2147483647;
			files = (
				9108EE7A15AD5A2400F10B62 /* SenTestingKit.framework in Frameworks */,
				9108EE7C15AD5A2400F10B62 /* UIKit.framework in Frameworks */,
				9108EE7D15AD5A2400F10B62 /* Foundation.framework in Frameworks */,
				9108EE8015AD5A2400F10B62 /* libLSKToolkit.a in Frameworks */,
				3A487A4797CD4D18913AC52C /* libPods.a in Frameworks */,
			);
			runOnlyForDeploymentPostprocessing = 0;
		};
/* End PBXFrameworksBuildPhase section */

/* Begin PBXGroup section */
		28F0F1BC16B0E3D200491B0C /* xib */ = {
			isa = PBXGroup;
			children = (
				91929A5B15B8010300432FE9 /* LSKZoomPictureViewController.xib */,
			);
			path = xib;
			sourceTree = "<group>";
		};
		9108EE5D15AD5A2300F10B62 = {
			isa = PBXGroup;
			children = (
				9108EE6D15AD5A2400F10B62 /* LSKToolkit */,
				9108EE8115AD5A2400F10B62 /* LSKToolkitTests */,
				9108EE6A15AD5A2400F10B62 /* Frameworks */,
				9108EE6915AD5A2400F10B62 /* Products */,
				66736BC5E890454F831016D0 /* Pods.xcconfig */,
			);
			sourceTree = "<group>";
		};
		9108EE6915AD5A2400F10B62 /* Products */ = {
			isa = PBXGroup;
			children = (
				9108EE6815AD5A2400F10B62 /* libLSKToolkit.a */,
				9108EE7815AD5A2400F10B62 /* LSKToolkitTests.octest */,
			);
			name = Products;
			sourceTree = "<group>";
		};
		9108EE6A15AD5A2400F10B62 /* Frameworks */ = {
			isa = PBXGroup;
			children = (
				91929A1415B7B74B00432FE9 /* CoreText.framework */,
				91929A1215B7B73400432FE9 /* MessageUI.framework */,
				91929A1015B7B6FF00432FE9 /* UIKit.framework */,
				91929A0E15B7B6DB00432FE9 /* QuartzCore.framework */,
				91929A0C15B7B66C00432FE9 /* CoreLocation.framework */,
				91929A0A15B7B63500432FE9 /* CoreGraphics.framework */,
				9108EE6B15AD5A2400F10B62 /* Foundation.framework */,
				9108EE7915AD5A2400F10B62 /* SenTestingKit.framework */,
				9108EE7B15AD5A2400F10B62 /* UIKit.framework */,
				5F0CAB215C5E431681E7AF55 /* libPods.a */,
			);
			name = Frameworks;
			sourceTree = "<group>";
		};
		9108EE6D15AD5A2400F10B62 /* LSKToolkit */ = {
			isa = PBXGroup;
			children = (
				9183C6BD15B909D5001DC406 /* Models */,
				91929A5115B8010100432FE9 /* Controllers */,
				91929A1C15B7F66F00432FE9 /* Views */,
				91F530EE15B69DCA00BC9C3A /* Categories */,
				919299C715B7AD6D00432FE9 /* Utils */,
				9108EE7015AD5A2400F10B62 /* LSKToolkit.h */,
				9192996D15B7ACB000432FE9 /* Resources */,
				9108EE6E15AD5A2400F10B62 /* Supporting Files */,
			);
			path = LSKToolkit;
			sourceTree = "<group>";
		};
		9108EE6E15AD5A2400F10B62 /* Supporting Files */ = {
			isa = PBXGroup;
			children = (
				9108EE6F15AD5A2400F10B62 /* LSKToolkit-Prefix.pch */,
			);
			name = "Supporting Files";
			sourceTree = "<group>";
		};
		9108EE8115AD5A2400F10B62 /* LSKToolkitTests */ = {
			isa = PBXGroup;
			children = (
				9108EE8715AD5A2400F10B62 /* LSKToolkitTests.h */,
				9108EE8815AD5A2400F10B62 /* LSKToolkitTests.m */,
				9108EE8215AD5A2400F10B62 /* Supporting Files */,
			);
			path = LSKToolkitTests;
			sourceTree = "<group>";
		};
		9108EE8215AD5A2400F10B62 /* Supporting Files */ = {
			isa = PBXGroup;
			children = (
				9108EE8315AD5A2400F10B62 /* LSKToolkitTests-Info.plist */,
				9108EE8415AD5A2400F10B62 /* InfoPlist.strings */,
			);
			name = "Supporting Files";
			sourceTree = "<group>";
		};
		9157668C15B939A200E81544 /* CustomTab */ = {
			isa = PBXGroup;
			children = (
				9157668D15B939A200E81544 /* LSKCustomTabBar.h */,
				9157668E15B939A200E81544 /* LSKCustomTabBar.m */,
				9157668F15B939A200E81544 /* LSKCustomTabBarViewController.h */,
				9157669015B939A200E81544 /* LSKCustomTabBarViewController.m */,
			);
			path = CustomTab;
			sourceTree = "<group>";
		};
		917B3EA615BE8ED600060FDE /* Map */ = {
			isa = PBXGroup;
			children = (
				917B3EA715BE8ED600060FDE /* LSKMapAnnotation.h */,
				917B3EA815BE8ED600060FDE /* LSKMapAnnotation.m */,
				917B3EA915BE8ED600060FDE /* LSKMapViewController.h */,
				917B3EAA15BE8ED600060FDE /* LSKMapViewController.m */,
				917B3EAB15BE8ED600060FDE /* LSKMultiAnnotationsMapViewController.h */,
				917B3EAC15BE8ED600060FDE /* LSKMultiAnnotationsMapViewController.m */,
				917B3EAD15BE8ED600060FDE /* LSKSingleAnnotationMapViewController.h */,
				917B3EAE15BE8ED600060FDE /* LSKSingleAnnotationMapViewController.m */,
			);
			path = Map;
			sourceTree = "<group>";
		};
		9183C6BD15B909D5001DC406 /* Models */ = {
			isa = PBXGroup;
			children = (
				9183C6BE15B909D5001DC406 /* PagedResult.h */,
				9183C6BF15B909D5001DC406 /* PagedResult.m */,
			);
			path = Models;
			sourceTree = "<group>";
		};
		9192996D15B7ACB000432FE9 /* Resources */ = {
			isa = PBXGroup;
			children = (
				28F0F1BC16B0E3D200491B0C /* xib */,
				9192996E15B7ACB000432FE9 /* EGOTableView */,
			);
			path = Resources;
			sourceTree = "<group>";
		};
		9192996E15B7ACB000432FE9 /* EGOTableView */ = {
			isa = PBXGroup;
			children = (
				9192996F15B7ACB000432FE9 /* blackArrow.png */,
				9192997015B7ACB000432FE9 /* blackArrow@2x.png */,
				9192997115B7ACB000432FE9 /* blueArrow.png */,
				9192997215B7ACB000432FE9 /* blueArrow@2x.png */,
				9192997315B7ACB000432FE9 /* grayArrow.png */,
				9192997415B7ACB000432FE9 /* grayArrow@2x.png */,
				9192997515B7ACB000432FE9 /* whiteArrow.png */,
				9192997615B7ACB000432FE9 /* whiteArrow@2x.png */,
			);
			path = EGOTableView;
			sourceTree = "<group>";
		};
		919299C715B7AD6D00432FE9 /* Utils */ = {
			isa = PBXGroup;
			children = (
				91AC71A115BD2418002006E7 /* DateUtils.h */,
				91AC71A215BD2418002006E7 /* DateUtils.m */,
				919299CA15B7AD6D00432FE9 /* Location */,
				919299D015B7AD6D00432FE9 /* LSKConstants.h */,
				91929A1915B7EBA100432FE9 /* LSKConstants.m */,
				919299D115B7AD6D00432FE9 /* Mail */,
				919299D415B7AD6D00432FE9 /* SMS */,
			);
			path = Utils;
			sourceTree = "<group>";
		};
		919299CA15B7AD6D00432FE9 /* Location */ = {
			isa = PBXGroup;
			children = (
				919299CB15B7AD6D00432FE9 /* LSKLocationCenter.h */,
				919299CC15B7AD6D00432FE9 /* LSKLocationCenter.m */,
			);
			path = Location;
			sourceTree = "<group>";
		};
		919299D115B7AD6D00432FE9 /* Mail */ = {
			isa = PBXGroup;
			children = (
				919299D215B7AD6D00432FE9 /* LSKMailSender.h */,
				919299D315B7AD6D00432FE9 /* LSKMailSender.m */,
			);
			path = Mail;
			sourceTree = "<group>";
		};
		919299D415B7AD6D00432FE9 /* SMS */ = {
			isa = PBXGroup;
			children = (
				919299D515B7AD6D00432FE9 /* LSKSMSSender.h */,
				919299D615B7AD6D00432FE9 /* LSKSMSSender.m */,
			);
			path = SMS;
			sourceTree = "<group>";
		};
		91929A1C15B7F66F00432FE9 /* Views */ = {
			isa = PBXGroup;
			children = (
				91929A1D15B7F67000432FE9 /* Cells */,
				91929A2815B7F67000432FE9 /* LSKCustomAlertView.h */,
				91929A2915B7F67000432FE9 /* LSKCustomAlertView.m */,
				91929A2A15B7F67000432FE9 /* LSKEGOImageLoading */,
			);
			path = Views;
			sourceTree = "<group>";
		};
		91929A1D15B7F67000432FE9 /* Cells */ = {
			isa = PBXGroup;
			children = (
				91929A1E15B7F67000432FE9 /* LSKBaseCell.h */,
				91929A1F15B7F67000432FE9 /* LSKBaseCell.m */,
				91929A2015B7F67000432FE9 /* LSKImageCell.h */,
				91929A2115B7F67000432FE9 /* LSKImageCell.m */,
				91929A2215B7F67000432FE9 /* LSKImageSubtitleCell.h */,
				91929A2315B7F67000432FE9 /* LSKImageSubtitleCell.m */,
				91FD62A615C67CAC00D25174 /* LSKImageLeftRightSubtitleCell.m */,
				91FD62A715C67CAC00D25174 /* LSKImageLeftRightSubtitleCell.h */,
				91929A2415B7F67000432FE9 /* LSKImageTitleCell.h */,
				91929A2515B7F67000432FE9 /* LSKImageTitleCell.m */,
				91929A2615B7F67000432FE9 /* LSKLoadCell.h */,
				91929A2715B7F67000432FE9 /* LSKLoadCell.m */,
			);
			path = Cells;
			sourceTree = "<group>";
		};
		91929A2A15B7F67000432FE9 /* LSKEGOImageLoading */ = {
			isa = PBXGroup;
			children = (
				91929A2B15B7F67000432FE9 /* EGOImageRoundedButton.h */,
				91929A2C15B7F67000432FE9 /* EGOImageRoundedButton.m */,
				91929A2D15B7F67000432FE9 /* EGOImageRoundedView.h */,
				91929A2E15B7F67000432FE9 /* EGOImageRoundedView.m */,
				91929A2F15B7F67000432FE9 /* EGOImageURLSafeButton.h */,
				91929A3015B7F67000432FE9 /* EGOImageURLSafeButton.m */,
				91929A3115B7F67000432FE9 /* EGOImageURLSafeView.h */,
				91929A3215B7F67000432FE9 /* EGOImageURLSafeView.m */,
			);
			path = LSKEGOImageLoading;
			sourceTree = "<group>";
		};
		91929A5115B8010100432FE9 /* Controllers */ = {
			isa = PBXGroup;
			children = (
				917B3EA615BE8ED600060FDE /* Map */,
				9157668C15B939A200E81544 /* CustomTab */,
				91929A8415B80DB400432FE9 /* SegmentsSwitch */,
				91929A8715B80DB400432FE9 /* PullRefresh */,
				91929A5915B8010300432FE9 /* LSKZoomPictureViewController.h */,
				91929A5A15B8010300432FE9 /* LSKZoomPictureViewController.m */,
				91107ADE15BD01DA00A2B852 /* LSKPlainWebViewController.m */,
				91107ADF15BD01DA00A2B852 /* LSKPlainWebViewController.h */,
				917B3E8515BE7AE900060FDE /* LSKPushWebViewController.h */,
				917B3E8615BE7AE900060FDE /* LSKPushWebViewController.m */,
				9139781415C0F17C00BB8468 /* LSKBaseTableViewController.h */,
				9139781515C0F17C00BB8468 /* LSKBaseTableViewController.m */,
			);
			path = Controllers;
			sourceTree = "<group>";
		};
		91929A8415B80DB400432FE9 /* SegmentsSwitch */ = {
			isa = PBXGroup;
			children = (
				91929A8515B80DB400432FE9 /* LSKSegmentManagingViewController.h */,
				91929A8615B80DB400432FE9 /* LSKSegmentManagingViewController.m */,
			);
			path = SegmentsSwitch;
			sourceTree = "<group>";
		};
		91929A8715B80DB400432FE9 /* PullRefresh */ = {
			isa = PBXGroup;
			children = (
				91929A8815B80DB400432FE9 /* EGORefreshTableHeaderView.h */,
				91929A8915B80DB400432FE9 /* EGORefreshTableHeaderView.m */,
				91929A8A15B80DB400432FE9 /* EGORefreshTableViewController.h */,
				91929A8B15B80DB400432FE9 /* EGORefreshTableViewController.m */,
				91929A8C15B80DB400432FE9 /* LSKCommonPullRefreshTableViewController.h */,
				91929A8D15B80DB400432FE9 /* LSKCommonPullRefreshTableViewController.m */,
				9183C6C415B90ADE001DC406 /* LSKCommonMKTableViewController.h */,
				9183C6C515B90ADE001DC406 /* LSKCommonMKTableViewController.m */,
			);
			path = PullRefresh;
			sourceTree = "<group>";
		};
		91F530EE15B69DCA00BC9C3A /* Categories */ = {
			isa = PBXGroup;
			children = (
				9192999415B7ACC800432FE9 /* NSDate+Relative.h */,
				9192999515B7ACC800432FE9 /* NSDate+Relative.m */,
				9192999615B7ACC800432FE9 /* NSURLRequest+Parameters.h */,
				9192999715B7ACC800432FE9 /* NSURLRequest+Parameters.m */,
				91929A0515B7B5A700432FE9 /* NSDictionary+Extend.h */,
				91929A0615B7B5A700432FE9 /* NSDictionary+Extend.m */,
				9192999815B7ACC800432FE9 /* UITableView+Extended.h */,
				9192999915B7ACC800432FE9 /* UITableView+Extended.m */,
				9192999A15B7ACC800432FE9 /* UITableViewCell+Extented.h */,
				9192999B15B7ACC800432FE9 /* UITableViewCell+Extented.m */,
				9192999C15B7ACC800432FE9 /* UIView+Utils.h */,
				9192999D15B7ACC800432FE9 /* UIView+Utils.m */,
				9192999E15B7ACC800432FE9 /* UITableViewController+RoundedBackground.m */,
				9192999F15B7ACC800432FE9 /* NSHTTPCookie+Utils.h */,
				919299A015B7ACC800432FE9 /* NSHTTPCookie+Utils.m */,
				919299A115B7ACC800432FE9 /* UIImage+RoundCorner.m */,
				919299A215B7ACC800432FE9 /* UITableViewController+RoundedBackground.h */,
				919299A315B7ACC800432FE9 /* UIImage+RoundCorner.h */,
				919299A415B7ACC800432FE9 /* UIImageExtendForScale.h */,
				919299A515B7ACC800432FE9 /* UIImageExtendForScale.m */,
				919299FF15B7B4DF00432FE9 /* UIColor+Expanded.h */,
				91929A0015B7B4DF00432FE9 /* UIColor+Expanded.m */,
				917B3EE315BF925C00060FDE /* UIViewController+Custom.h */,
				917B3EE415BF925C00060FDE /* UIViewController+Custom.m */,
				2840602515CFC4E5005963E3 /* UIViewController+Navigation.h */,
				2840602615CFC4E5005963E3 /* UIViewController+Navigation.m */,
			);
			path = Categories;
			sourceTree = "<group>";
		};
/* End PBXGroup section */

/* Begin PBXHeadersBuildPhase section */
		9108EE6615AD5A2400F10B62 /* Headers */ = {
			isa = PBXHeadersBuildPhase;
			buildActionMask = 2147483647;
			files = (
				919299A615B7ACC800432FE9 /* NSDate+Relative.h in Headers */,
				919299A915B7ACC800432FE9 /* NSURLRequest+Parameters.h in Headers */,
				919299AC15B7ACC800432FE9 /* UITableView+Extended.h in Headers */,
				919299AF15B7ACC800432FE9 /* UITableViewCell+Extented.h in Headers */,
				919299B215B7ACC800432FE9 /* UIView+Utils.h in Headers */,
				919299B715B7ACC800432FE9 /* NSHTTPCookie+Utils.h in Headers */,
				919299BC15B7ACC800432FE9 /* UITableViewController+RoundedBackground.h in Headers */,
				919299BD15B7ACC800432FE9 /* UIImage+RoundCorner.h in Headers */,
				919299BE15B7ACC800432FE9 /* UIImageExtendForScale.h in Headers */,
				919299DA15B7AD6D00432FE9 /* LSKLocationCenter.h in Headers */,
				919299E015B7AD6D00432FE9 /* LSKConstants.h in Headers */,
				919299E115B7AD6D00432FE9 /* LSKMailSender.h in Headers */,
				919299E415B7AD6D00432FE9 /* LSKSMSSender.h in Headers */,
				91929A0115B7B4DF00432FE9 /* UIColor+Expanded.h in Headers */,
				91929A0715B7B5A700432FE9 /* NSDictionary+Extend.h in Headers */,
				91929A3315B7F67000432FE9 /* LSKBaseCell.h in Headers */,
				91929A3615B7F67000432FE9 /* LSKImageCell.h in Headers */,
				91929A3915B7F67000432FE9 /* LSKImageSubtitleCell.h in Headers */,
				91929A3C15B7F67000432FE9 /* LSKImageTitleCell.h in Headers */,
				91929A3F15B7F67000432FE9 /* LSKLoadCell.h in Headers */,
				91929A4215B7F67000432FE9 /* LSKCustomAlertView.h in Headers */,
				91929A4515B7F67000432FE9 /* EGOImageRoundedButton.h in Headers */,
				91929A4815B7F67000432FE9 /* EGOImageRoundedView.h in Headers */,
				91929A4B15B7F67000432FE9 /* EGOImageURLSafeButton.h in Headers */,
				91929A4E15B7F67000432FE9 /* EGOImageURLSafeView.h in Headers */,
				91929A6515B8010300432FE9 /* LSKZoomPictureViewController.h in Headers */,
				91929A8E15B80DB400432FE9 /* LSKSegmentManagingViewController.h in Headers */,
				91929A9115B80DB400432FE9 /* EGORefreshTableHeaderView.h in Headers */,
				91929A9415B80DB400432FE9 /* EGORefreshTableViewController.h in Headers */,
				91929A9715B80DB400432FE9 /* LSKCommonPullRefreshTableViewController.h in Headers */,
				9183C6C015B909D5001DC406 /* PagedResult.h in Headers */,
				9183C6C615B90ADE001DC406 /* LSKCommonMKTableViewController.h in Headers */,
				9157669115B939A200E81544 /* LSKCustomTabBar.h in Headers */,
				9157669415B939A200E81544 /* LSKCustomTabBarViewController.h in Headers */,
				91107AE215BD01DA00A2B852 /* LSKPlainWebViewController.h in Headers */,
				91AC71A315BD2418002006E7 /* DateUtils.h in Headers */,
				917B3E8715BE7AE900060FDE /* LSKPushWebViewController.h in Headers */,
				917B3EAF15BE8ED600060FDE /* LSKMapAnnotation.h in Headers */,
				917B3EB215BE8ED600060FDE /* LSKMapViewController.h in Headers */,
				917B3EB515BE8ED600060FDE /* LSKMultiAnnotationsMapViewController.h in Headers */,
				917B3EB815BE8ED600060FDE /* LSKSingleAnnotationMapViewController.h in Headers */,
				917B3EE515BF925C00060FDE /* UIViewController+Custom.h in Headers */,
				9139781615C0F17C00BB8468 /* LSKBaseTableViewController.h in Headers */,
				91FD62AA15C67CAC00D25174 /* LSKImageLeftRightSubtitleCell.h in Headers */,
				2840602715CFC4E5005963E3 /* UIViewController+Navigation.h in Headers */,
			);
			runOnlyForDeploymentPostprocessing = 0;
		};
/* End PBXHeadersBuildPhase section */

/* Begin PBXNativeTarget section */
		9108EE6715AD5A2400F10B62 /* LSKToolkit */ = {
			isa = PBXNativeTarget;
			buildConfigurationList = 9108EE8C15AD5A2400F10B62 /* Build configuration list for PBXNativeTarget "LSKToolkit" */;
			buildPhases = (
				9108EE6415AD5A2400F10B62 /* Sources */,
				9108EE6515AD5A2400F10B62 /* Frameworks */,
				9108EE6615AD5A2400F10B62 /* Headers */,
				436319BB6707438D8BB454D5 /* Copy Pods Resources */,
			);
			buildRules = (
			);
			dependencies = (
			);
			name = LSKToolkit;
			productName = LSKToolkit;
			productReference = 9108EE6815AD5A2400F10B62 /* libLSKToolkit.a */;
			productType = "com.apple.product-type.library.static";
		};
		9108EE7715AD5A2400F10B62 /* LSKToolkitTests */ = {
			isa = PBXNativeTarget;
			buildConfigurationList = 9108EE8F15AD5A2400F10B62 /* Build configuration list for PBXNativeTarget "LSKToolkitTests" */;
			buildPhases = (
				9108EE7315AD5A2400F10B62 /* Sources */,
				9108EE7415AD5A2400F10B62 /* Frameworks */,
				9108EE7515AD5A2400F10B62 /* Resources */,
				9108EE7615AD5A2400F10B62 /* ShellScript */,
				436319BB6707438D8BB454D5 /* Copy Pods Resources */,
			);
			buildRules = (
			);
			dependencies = (
				9108EE7F15AD5A2400F10B62 /* PBXTargetDependency */,
			);
			name = LSKToolkitTests;
			productName = LSKToolkitTests;
			productReference = 9108EE7815AD5A2400F10B62 /* LSKToolkitTests.octest */;
			productType = "com.apple.product-type.bundle";
		};
/* End PBXNativeTarget section */

/* Begin PBXProject section */
		9108EE5F15AD5A2300F10B62 /* Project object */ = {
			isa = PBXProject;
			attributes = {
				LastUpgradeCheck = 0460;
			};
			buildConfigurationList = 9108EE6215AD5A2300F10B62 /* Build configuration list for PBXProject "LSKToolkit" */;
			compatibilityVersion = "Xcode 3.2";
			developmentRegion = English;
			hasScannedForEncodings = 0;
			knownRegions = (
				en,
			);
			mainGroup = 9108EE5D15AD5A2300F10B62;
			productRefGroup = 9108EE6915AD5A2400F10B62 /* Products */;
			projectDirPath = "";
			projectRoot = "";
			targets = (
				9108EE6715AD5A2400F10B62 /* LSKToolkit */,
				9108EE7715AD5A2400F10B62 /* LSKToolkitTests */,
			);
		};
/* End PBXProject section */

/* Begin PBXResourcesBuildPhase section */
		9108EE7515AD5A2400F10B62 /* Resources */ = {
			isa = PBXResourcesBuildPhase;
			buildActionMask = 2147483647;
			files = (
				9108EE8615AD5A2400F10B62 /* InfoPlist.strings in Resources */,
				9192998C15B7ACB000432FE9 /* blackArrow.png in Resources */,
				9192998D15B7ACB000432FE9 /* blackArrow@2x.png in Resources */,
				9192998E15B7ACB000432FE9 /* blueArrow.png in Resources */,
				9192998F15B7ACB000432FE9 /* blueArrow@2x.png in Resources */,
				9192999015B7ACB000432FE9 /* grayArrow.png in Resources */,
				9192999115B7ACB000432FE9 /* grayArrow@2x.png in Resources */,
				9192999215B7ACB000432FE9 /* whiteArrow.png in Resources */,
				9192999315B7ACB000432FE9 /* whiteArrow@2x.png in Resources */,
				91929A6815B8010300432FE9 /* LSKZoomPictureViewController.xib in Resources */,
			);
			runOnlyForDeploymentPostprocessing = 0;
		};
/* End PBXResourcesBuildPhase section */

/* Begin PBXShellScriptBuildPhase section */
		436319BB6707438D8BB454D5 /* Copy Pods Resources */ = {
			isa = PBXShellScriptBuildPhase;
			buildActionMask = 2147483647;
			files = (
			);
			inputPaths = (
			);
			name = "Copy Pods Resources";
			outputPaths = (
			);
			runOnlyForDeploymentPostprocessing = 0;
			shellPath = /bin/sh;
			shellScript = "\"${SRCROOT}/Pods/Pods-resources.sh\"\n";
		};
		9108EE7615AD5A2400F10B62 /* ShellScript */ = {
			isa = PBXShellScriptBuildPhase;
			buildActionMask = 2147483647;
			files = (
			);
			inputPaths = (
			);
			outputPaths = (
			);
			runOnlyForDeploymentPostprocessing = 0;
			shellPath = /bin/sh;
			shellScript = "# Run the unit tests in this test bundle.\n\"${SYSTEM_DEVELOPER_DIR}/Tools/RunUnitTests\"\n";
		};
/* End PBXShellScriptBuildPhase section */

/* Begin PBXSourcesBuildPhase section */
		9108EE6415AD5A2400F10B62 /* Sources */ = {
			isa = PBXSourcesBuildPhase;
			buildActionMask = 2147483647;
			files = (
				919299A715B7ACC800432FE9 /* NSDate+Relative.m in Sources */,
				919299AA15B7ACC800432FE9 /* NSURLRequest+Parameters.m in Sources */,
				919299AD15B7ACC800432FE9 /* UITableView+Extended.m in Sources */,
				919299B015B7ACC800432FE9 /* UITableViewCell+Extented.m in Sources */,
				919299B315B7ACC800432FE9 /* UIView+Utils.m in Sources */,
				919299B515B7ACC800432FE9 /* UITableViewController+RoundedBackground.m in Sources */,
				919299B815B7ACC800432FE9 /* NSHTTPCookie+Utils.m in Sources */,
				919299BA15B7ACC800432FE9 /* UIImage+RoundCorner.m in Sources */,
				919299BF15B7ACC800432FE9 /* UIImageExtendForScale.m in Sources */,
				919299DB15B7AD6D00432FE9 /* LSKLocationCenter.m in Sources */,
				919299E215B7AD6D00432FE9 /* LSKMailSender.m in Sources */,
				919299E515B7AD6D00432FE9 /* LSKSMSSender.m in Sources */,
				91929A0215B7B4DF00432FE9 /* UIColor+Expanded.m in Sources */,
				91929A0815B7B5A700432FE9 /* NSDictionary+Extend.m in Sources */,
				91929A1A15B7EBA200432FE9 /* LSKConstants.m in Sources */,
				91929A3415B7F67000432FE9 /* LSKBaseCell.m in Sources */,
				91929A3715B7F67000432FE9 /* LSKImageCell.m in Sources */,
				91929A3A15B7F67000432FE9 /* LSKImageSubtitleCell.m in Sources */,
				91929A3D15B7F67000432FE9 /* LSKImageTitleCell.m in Sources */,
				91929A4015B7F67000432FE9 /* LSKLoadCell.m in Sources */,
				91929A4315B7F67000432FE9 /* LSKCustomAlertView.m in Sources */,
				91929A4615B7F67000432FE9 /* EGOImageRoundedButton.m in Sources */,
				91929A4915B7F67000432FE9 /* EGOImageRoundedView.m in Sources */,
				91929A4C15B7F67000432FE9 /* EGOImageURLSafeButton.m in Sources */,
				91929A4F15B7F67000432FE9 /* EGOImageURLSafeView.m in Sources */,
				91929A6615B8010300432FE9 /* LSKZoomPictureViewController.m in Sources */,
				91929A8F15B80DB400432FE9 /* LSKSegmentManagingViewController.m in Sources */,
				91929A9215B80DB400432FE9 /* EGORefreshTableHeaderView.m in Sources */,
				91929A9515B80DB400432FE9 /* EGORefreshTableViewController.m in Sources */,
				91929A9815B80DB400432FE9 /* LSKCommonPullRefreshTableViewController.m in Sources */,
				9183C6C115B909D5001DC406 /* PagedResult.m in Sources */,
				9183C6C715B90ADE001DC406 /* LSKCommonMKTableViewController.m in Sources */,
				9157669215B939A200E81544 /* LSKCustomTabBar.m in Sources */,
				9157669515B939A200E81544 /* LSKCustomTabBarViewController.m in Sources */,
				91107AE015BD01DA00A2B852 /* LSKPlainWebViewController.m in Sources */,
				91AC71A415BD2418002006E7 /* DateUtils.m in Sources */,
				917B3E8815BE7AE900060FDE /* LSKPushWebViewController.m in Sources */,
				917B3EB015BE8ED600060FDE /* LSKMapAnnotation.m in Sources */,
				917B3EB315BE8ED600060FDE /* LSKMapViewController.m in Sources */,
				917B3EB615BE8ED600060FDE /* LSKMultiAnnotationsMapViewController.m in Sources */,
				917B3EB915BE8ED600060FDE /* LSKSingleAnnotationMapViewController.m in Sources */,
				917B3EE615BF925C00060FDE /* UIViewController+Custom.m in Sources */,
				9139781715C0F17C00BB8468 /* LSKBaseTableViewController.m in Sources */,
				91FD62A815C67CAC00D25174 /* LSKImageLeftRightSubtitleCell.m in Sources */,
				2840602815CFC4E5005963E3 /* UIViewController+Navigation.m in Sources */,
			);
			runOnlyForDeploymentPostprocessing = 0;
		};
		9108EE7315AD5A2400F10B62 /* Sources */ = {
			isa = PBXSourcesBuildPhase;
			buildActionMask = 2147483647;
			files = (
				9108EE8915AD5A2400F10B62 /* LSKToolkitTests.m in Sources */,
				919299A815B7ACC800432FE9 /* NSDate+Relative.m in Sources */,
				919299AB15B7ACC800432FE9 /* NSURLRequest+Parameters.m in Sources */,
				919299AE15B7ACC800432FE9 /* UITableView+Extended.m in Sources */,
				919299B115B7ACC800432FE9 /* UITableViewCell+Extented.m in Sources */,
				919299B415B7ACC800432FE9 /* UIView+Utils.m in Sources */,
				919299B615B7ACC800432FE9 /* UITableViewController+RoundedBackground.m in Sources */,
				919299B915B7ACC800432FE9 /* NSHTTPCookie+Utils.m in Sources */,
				919299BB15B7ACC800432FE9 /* UIImage+RoundCorner.m in Sources */,
				919299C015B7ACC800432FE9 /* UIImageExtendForScale.m in Sources */,
				919299DC15B7AD6D00432FE9 /* LSKLocationCenter.m in Sources */,
				919299E315B7AD6D00432FE9 /* LSKMailSender.m in Sources */,
				919299E615B7AD6D00432FE9 /* LSKSMSSender.m in Sources */,
				91929A0315B7B4DF00432FE9 /* UIColor+Expanded.m in Sources */,
				91929A0915B7B5A700432FE9 /* NSDictionary+Extend.m in Sources */,
				91929A1B15B7EBA200432FE9 /* LSKConstants.m in Sources */,
				91929A3515B7F67000432FE9 /* LSKBaseCell.m in Sources */,
				91929A3815B7F67000432FE9 /* LSKImageCell.m in Sources */,
				91929A3B15B7F67000432FE9 /* LSKImageSubtitleCell.m in Sources */,
				91929A3E15B7F67000432FE9 /* LSKImageTitleCell.m in Sources */,
				91929A4115B7F67000432FE9 /* LSKLoadCell.m in Sources */,
				91929A4415B7F67000432FE9 /* LSKCustomAlertView.m in Sources */,
				91929A4715B7F67000432FE9 /* EGOImageRoundedButton.m in Sources */,
				91929A4A15B7F67000432FE9 /* EGOImageRoundedView.m in Sources */,
				91929A4D15B7F67000432FE9 /* EGOImageURLSafeButton.m in Sources */,
				91929A5015B7F67000432FE9 /* EGOImageURLSafeView.m in Sources */,
				91929A6715B8010300432FE9 /* LSKZoomPictureViewController.m in Sources */,
				91929A9015B80DB400432FE9 /* LSKSegmentManagingViewController.m in Sources */,
				91929A9315B80DB400432FE9 /* EGORefreshTableHeaderView.m in Sources */,
				91929A9615B80DB400432FE9 /* EGORefreshTableViewController.m in Sources */,
				91929A9915B80DB400432FE9 /* LSKCommonPullRefreshTableViewController.m in Sources */,
				9183C6C215B909D5001DC406 /* PagedResult.m in Sources */,
				9183C6C815B90ADE001DC406 /* LSKCommonMKTableViewController.m in Sources */,
				9157669315B939A200E81544 /* LSKCustomTabBar.m in Sources */,
				9157669615B939A200E81544 /* LSKCustomTabBarViewController.m in Sources */,
				91107AE115BD01DA00A2B852 /* LSKPlainWebViewController.m in Sources */,
				91AC71A515BD2418002006E7 /* DateUtils.m in Sources */,
				917B3E8915BE7AE900060FDE /* LSKPushWebViewController.m in Sources */,
				917B3EB115BE8ED600060FDE /* LSKMapAnnotation.m in Sources */,
				917B3EB415BE8ED600060FDE /* LSKMapViewController.m in Sources */,
				917B3EB715BE8ED600060FDE /* LSKMultiAnnotationsMapViewController.m in Sources */,
				917B3EBA15BE8ED600060FDE /* LSKSingleAnnotationMapViewController.m in Sources */,
				917B3EE715BF925C00060FDE /* UIViewController+Custom.m in Sources */,
				9139781815C0F17C00BB8468 /* LSKBaseTableViewController.m in Sources */,
				91FD62A915C67CAC00D25174 /* LSKImageLeftRightSubtitleCell.m in Sources */,
				2840602915CFC4E5005963E3 /* UIViewController+Navigation.m in Sources */,
			);
			runOnlyForDeploymentPostprocessing = 0;
		};
/* End PBXSourcesBuildPhase section */

/* Begin PBXTargetDependency section */
		9108EE7F15AD5A2400F10B62 /* PBXTargetDependency */ = {
			isa = PBXTargetDependency;
			target = 9108EE6715AD5A2400F10B62 /* LSKToolkit */;
			targetProxy = 9108EE7E15AD5A2400F10B62 /* PBXContainerItemProxy */;
		};
/* End PBXTargetDependency section */

/* Begin PBXVariantGroup section */
		9108EE8415AD5A2400F10B62 /* InfoPlist.strings */ = {
			isa = PBXVariantGroup;
			children = (
				9108EE8515AD5A2400F10B62 /* en */,
			);
			name = InfoPlist.strings;
			sourceTree = "<group>";
		};
/* End PBXVariantGroup section */

/* Begin XCBuildConfiguration section */
		9108EE8A15AD5A2400F10B62 /* Debug */ = {
			isa = XCBuildConfiguration;
			buildSettings = {
				ALWAYS_SEARCH_USER_PATHS = NO;
				ARCHS = "$(ARCHS_STANDARD_32_BIT)";
				CLANG_ENABLE_OBJC_ARC = YES;
				CLANG_WARN_CONSTANT_CONVERSION = YES;
				CLANG_WARN_ENUM_CONVERSION = YES;
				CLANG_WARN_INT_CONVERSION = YES;
				CLANG_WARN__DUPLICATE_METHOD_MATCH = YES;
				COPY_PHASE_STRIP = NO;
				GCC_C_LANGUAGE_STANDARD = gnu99;
				GCC_DYNAMIC_NO_PIC = NO;
				GCC_OPTIMIZATION_LEVEL = 0;
				GCC_PREPROCESSOR_DEFINITIONS = (
					"DEBUG=1",
					"$(inherited)",
				);
				GCC_SYMBOLS_PRIVATE_EXTERN = NO;
				GCC_VERSION = com.apple.compilers.llvm.clang.1_0;
				GCC_WARN_ABOUT_RETURN_TYPE = YES;
				GCC_WARN_UNINITIALIZED_AUTOS = YES;
				GCC_WARN_UNUSED_VARIABLE = YES;
				IPHONEOS_DEPLOYMENT_TARGET = 5.1;
				SDKROOT = iphoneos;
			};
			name = Debug;
		};
		9108EE8B15AD5A2400F10B62 /* Release */ = {
			isa = XCBuildConfiguration;
			buildSettings = {
				ALWAYS_SEARCH_USER_PATHS = NO;
				ARCHS = "$(ARCHS_STANDARD_32_BIT)";
				CLANG_ENABLE_OBJC_ARC = YES;
				CLANG_WARN_CONSTANT_CONVERSION = YES;
				CLANG_WARN_ENUM_CONVERSION = YES;
				CLANG_WARN_INT_CONVERSION = YES;
				CLANG_WARN__DUPLICATE_METHOD_MATCH = YES;
				COPY_PHASE_STRIP = YES;
				GCC_C_LANGUAGE_STANDARD = gnu99;
				GCC_VERSION = com.apple.compilers.llvm.clang.1_0;
				GCC_WARN_ABOUT_RETURN_TYPE = YES;
				GCC_WARN_UNINITIALIZED_AUTOS = YES;
				GCC_WARN_UNUSED_VARIABLE = YES;
				IPHONEOS_DEPLOYMENT_TARGET = 5.1;
				SDKROOT = iphoneos;
				VALIDATE_PRODUCT = YES;
			};
			name = Release;
		};
		9108EE8D15AD5A2400F10B62 /* Debug */ = {
			isa = XCBuildConfiguration;
			baseConfigurationReference = 66736BC5E890454F831016D0 /* Pods.xcconfig */;
			buildSettings = {
				DSTROOT = /tmp/LSKToolkit.dst;
				GCC_PRECOMPILE_PREFIX_HEADER = YES;
				GCC_PREFIX_HEADER = "LSKToolkit/LSKToolkit-Prefix.pch";
				GCC_VERSION = com.apple.compilers.llvm.clang.1_0;
				OTHER_LDFLAGS = "-ObjC";
				PRODUCT_NAME = "$(TARGET_NAME)";
				SKIP_INSTALL = YES;
			};
			name = Debug;
		};
		9108EE8E15AD5A2400F10B62 /* Release */ = {
			isa = XCBuildConfiguration;
			baseConfigurationReference = 66736BC5E890454F831016D0 /* Pods.xcconfig */;
			buildSettings = {
				DSTROOT = /tmp/LSKToolkit.dst;
				GCC_PRECOMPILE_PREFIX_HEADER = YES;
				GCC_PREFIX_HEADER = "LSKToolkit/LSKToolkit-Prefix.pch";
				GCC_VERSION = com.apple.compilers.llvm.clang.1_0;
				OTHER_LDFLAGS = "-ObjC";
				PRODUCT_NAME = "$(TARGET_NAME)";
				SKIP_INSTALL = YES;
			};
			name = Release;
		};
		9108EE9015AD5A2400F10B62 /* Debug */ = {
			isa = XCBuildConfiguration;
			baseConfigurationReference = 66736BC5E890454F831016D0 /* Pods.xcconfig */;
			buildSettings = {
				DSTROOT = /tmp/xcodeproj.dst;
				FRAMEWORK_SEARCH_PATHS = (
					"$(SDKROOT)/Developer/Library/Frameworks",
					"$(DEVELOPER_LIBRARY_DIR)/Frameworks",
				);
				GCC_PRECOMPILE_PREFIX_HEADER = YES;
				GCC_PREFIX_HEADER = "LSKToolkit/LSKToolkit-Prefix.pch";
				GCC_VERSION = com.apple.compilers.llvm.clang.1_0;
				INFOPLIST_FILE = "LSKToolkitTests/LSKToolkitTests-Info.plist";
				PRODUCT_NAME = "$(TARGET_NAME)";
				SKIP_INSTALL = YES;
				WRAPPER_EXTENSION = octest;
			};
			name = Debug;
		};
		9108EE9115AD5A2400F10B62 /* Release */ = {
			isa = XCBuildConfiguration;
			baseConfigurationReference = 66736BC5E890454F831016D0 /* Pods.xcconfig */;
			buildSettings = {
				DSTROOT = /tmp/xcodeproj.dst;
				FRAMEWORK_SEARCH_PATHS = (
					"$(SDKROOT)/Developer/Library/Frameworks",
					"$(DEVELOPER_LIBRARY_DIR)/Frameworks",
				);
				GCC_PRECOMPILE_PREFIX_HEADER = YES;
				GCC_PREFIX_HEADER = "LSKToolkit/LSKToolkit-Prefix.pch";
				GCC_VERSION = com.apple.compilers.llvm.clang.1_0;
				INFOPLIST_FILE = "LSKToolkitTests/LSKToolkitTests-Info.plist";
				PRODUCT_NAME = "$(TARGET_NAME)";
				SKIP_INSTALL = YES;
				WRAPPER_EXTENSION = octest;
			};
			name = Release;
		};
/* End XCBuildConfiguration section */

/* Begin XCConfigurationList section */
		9108EE6215AD5A2300F10B62 /* Build configuration list for PBXProject "LSKToolkit" */ = {
			isa = XCConfigurationList;
			buildConfigurations = (
				9108EE8A15AD5A2400F10B62 /* Debug */,
				9108EE8B15AD5A2400F10B62 /* Release */,
			);
			defaultConfigurationIsVisible = 0;
			defaultConfigurationName = Release;
		};
		9108EE8C15AD5A2400F10B62 /* Build configuration list for PBXNativeTarget "LSKToolkit" */ = {
			isa = XCConfigurationList;
			buildConfigurations = (
				9108EE8D15AD5A2400F10B62 /* Debug */,
				9108EE8E15AD5A2400F10B62 /* Release */,
			);
			defaultConfigurationIsVisible = 0;
			defaultConfigurationName = Release;
		};
		9108EE8F15AD5A2400F10B62 /* Build configuration list for PBXNativeTarget "LSKToolkitTests" */ = {
			isa = XCConfigurationList;
			buildConfigurations = (
				9108EE9015AD5A2400F10B62 /* Debug */,
				9108EE9115AD5A2400F10B62 /* Release */,
			);
			defaultConfigurationIsVisible = 0;
			defaultConfigurationName = Release;
		};
/* End XCConfigurationList section */
	};
	rootObject = 9108EE5F15AD5A2300F10B62 /* Project object */;
}
