PODS:
  - EGOCache (0.1.0)
  - EGOImageLoading (0.0.1.120329):
    - EGOCache
  - MBProgressHUD (0.5)
  - MKNetworkKit (0.83.120720):
    - Reachability (~> 3.0)
  - MKNumberBadgeView (0.0.1.120329)
  - Reachability (3.0.0)
  - SVProgressHUD (0.7)
  - VTPG_Log (0.0.1.120719)

DEPENDENCIES:
  - EGOImageLoading (defined in Podfile)
  - MBProgressHUD (~> 0.5)
  - MKNetworkKit (defined in Podfile)
  - MKNumberBadgeView (defined in Podfile)
  - SVProgressHUD (~> 0.6)
  - VTPG_Log (defined in Podfile)
